// !$*UTF8*$!
{
	archiveVersion = 1;
	classes = {
	};
	objectVersion = 48;
	objects = {

/* Begin PBXBuildFile section */
		11063F621EC0EECC0033EE6D /* AppDelegate.swift in Sources */ = {isa = PBXBuildFile; fileRef = 11063F611EC0EECC0033EE6D /* AppDelegate.swift */; };
		11063F641EC0EECC0033EE6D /* ImageClassificationViewController.swift in Sources */ = {isa = PBXBuildFile; fileRef = 11063F631EC0EECC0033EE6D /* ImageClassificationViewController.swift */; };
		11063F671EC0EECC0033EE6D /* Main.storyboard in Resources */ = {isa = PBXBuildFile; fileRef = 11063F651EC0EECC0033EE6D /* Main.storyboard */; };
		11063F691EC0EECC0033EE6D /* Assets.xcassets in Resources */ = {isa = PBXBuildFile; fileRef = 11063F681EC0EECC0033EE6D /* Assets.xcassets */; };
		11063F741EC0F5270033EE6D /* CGImagePropertyOrientation+UIImageOrientation.swift in Sources */ = {isa = PBXBuildFile; fileRef = 11063F731EC0F5270033EE6D /* CGImagePropertyOrientation+UIImageOrientation.swift */; };
		113695D81EC1151400CA6C43 /* LaunchScreen.storyboard in Resources */ = {isa = PBXBuildFile; fileRef = 113695D61EC1151400CA6C43 /* LaunchScreen.storyboard */; };
		665B890E21615476003D8C08 /* SoundEffects.swift in Sources */ = {isa = PBXBuildFile; fileRef = 665B890D21615476003D8C08 /* SoundEffects.swift */; };
		667EC1EB21615C5A00F0164A /* moo.mp3 in Resources */ = {isa = PBXBuildFile; fileRef = 667EC1E621615C5A00F0164A /* moo.mp3 */; };
		667EC1EC21615C5A00F0164A /* baah.mp3 in Resources */ = {isa = PBXBuildFile; fileRef = 667EC1E721615C5A00F0164A /* baah.mp3 */; };
		667EC1ED21615C5A00F0164A /* meow.mp3 in Resources */ = {isa = PBXBuildFile; fileRef = 667EC1E821615C5A00F0164A /* meow.mp3 */; };
		667EC1EE21615C5A00F0164A /* turtleNoise.mp3 in Resources */ = {isa = PBXBuildFile; fileRef = 667EC1E921615C5A00F0164A /* turtleNoise.mp3 */; };
		667EC1EF21615C5A00F0164A /* bark.mp3 in Resources */ = {isa = PBXBuildFile; fileRef = 667EC1EA21615C5A00F0164A /* bark.mp3 */; };
		D8D62F8921614AE4003BC27B /* AnimalClassifier.mlmodel in Sources */ = {isa = PBXBuildFile; fileRef = D8D62F8821614AE4003BC27B /* AnimalClassifier.mlmodel */; };
		D8D63B7221616493003BC27B /* 914.jpg in Resources */ = {isa = PBXBuildFile; fileRef = D8D63B6821616493003BC27B /* 914.jpg */; };
		D8D63B7321616493003BC27B /* 919.jpg in Resources */ = {isa = PBXBuildFile; fileRef = D8D63B6921616493003BC27B /* 919.jpg */; };
		D8D63B7421616493003BC27B /* 915.jpg in Resources */ = {isa = PBXBuildFile; fileRef = D8D63B6A21616493003BC27B /* 915.jpg */; };
		D8D63B7521616493003BC27B /* 916.jpg in Resources */ = {isa = PBXBuildFile; fileRef = D8D63B6B21616493003BC27B /* 916.jpg */; };
		D8D63B7621616493003BC27B /* 917.jpg in Resources */ = {isa = PBXBuildFile; fileRef = D8D63B6C21616493003BC27B /* 917.jpg */; };
		D8D63B7721616493003BC27B /* 910.jpg in Resources */ = {isa = PBXBuildFile; fileRef = D8D63B6D21616493003BC27B /* 910.jpg */; };
		D8D63B7821616493003BC27B /* 913.jpg in Resources */ = {isa = PBXBuildFile; fileRef = D8D63B6E21616493003BC27B /* 913.jpg */; };
		D8D63B7921616493003BC27B /* 911.jpg in Resources */ = {isa = PBXBuildFile; fileRef = D8D63B6F21616493003BC27B /* 911.jpg */; };
		D8D63B7A21616493003BC27B /* 912.jpg in Resources */ = {isa = PBXBuildFile; fileRef = D8D63B7021616493003BC27B /* 912.jpg */; };
		D8D63B7B21616493003BC27B /* 918.jpg in Resources */ = {isa = PBXBuildFile; fileRef = D8D63B7121616493003BC27B /* 918.jpg */; };
		D8D63B86216164A1003BC27B /* 924.jpg in Resources */ = {isa = PBXBuildFile; fileRef = D8D63B7C216164A1003BC27B /* 924.jpg */; };
		D8D63B87216164A1003BC27B /* 929.jpg in Resources */ = {isa = PBXBuildFile; fileRef = D8D63B7D216164A1003BC27B /* 929.jpg */; };
		D8D63B88216164A1003BC27B /* 925.jpg in Resources */ = {isa = PBXBuildFile; fileRef = D8D63B7E216164A1003BC27B /* 925.jpg */; };
		D8D63B89216164A1003BC27B /* 922.jpg in Resources */ = {isa = PBXBuildFile; fileRef = D8D63B7F216164A1003BC27B /* 922.jpg */; };
		D8D63B8A216164A1003BC27B /* 923.jpg in Resources */ = {isa = PBXBuildFile; fileRef = D8D63B80216164A1003BC27B /* 923.jpg */; };
		D8D63B8B216164A1003BC27B /* 920.jpg in Resources */ = {isa = PBXBuildFile; fileRef = D8D63B81216164A1003BC27B /* 920.jpg */; };
		D8D63B8C216164A1003BC27B /* 921.jpg in Resources */ = {isa = PBXBuildFile; fileRef = D8D63B82216164A1003BC27B /* 921.jpg */; };
		D8D63B8D216164A1003BC27B /* 926.jpg in Resources */ = {isa = PBXBuildFile; fileRef = D8D63B83216164A1003BC27B /* 926.jpg */; };
		D8D63B8E216164A1003BC27B /* 927.jpg in Resources */ = {isa = PBXBuildFile; fileRef = D8D63B84216164A1003BC27B /* 927.jpg */; };
		D8D63B8F216164A1003BC27B /* 928.jpg in Resources */ = {isa = PBXBuildFile; fileRef = D8D63B85216164A1003BC27B /* 928.jpg */; };
		D8D63B9A216164AE003BC27B /* 2222687619_c652a684ea.jpg in Resources */ = {isa = PBXBuildFile; fileRef = D8D63B90216164AD003BC27B /* 2222687619_c652a684ea.jpg */; };
		D8D63B9B216164AE003BC27B /* 2244518555_11fa9d7baf.jpg in Resources */ = {isa = PBXBuildFile; fileRef = D8D63B91216164AD003BC27B /* 2244518555_11fa9d7baf.jpg */; };
		D8D63B9C216164AE003BC27B /* 2221081120_8f8e8c33ae.jpg in Resources */ = {isa = PBXBuildFile; fileRef = D8D63B92216164AE003BC27B /* 2221081120_8f8e8c33ae.jpg */; };
		D8D63B9D216164AE003BC27B /* 2225632673_04e9e5b930.jpg in Resources */ = {isa = PBXBuildFile; fileRef = D8D63B93216164AE003BC27B /* 2225632673_04e9e5b930.jpg */; };
		D8D63B9E216164AE003BC27B /* 2232083678_ce3a0a4b2c.jpg in Resources */ = {isa = PBXBuildFile; fileRef = D8D63B94216164AE003BC27B /* 2232083678_ce3a0a4b2c.jpg */; };
		D8D63B9F216164AE003BC27B /* 2244517913_2cc54380b7.jpg in Resources */ = {isa = PBXBuildFile; fileRef = D8D63B95216164AE003BC27B /* 2244517913_2cc54380b7.jpg */; };
		D8D63BA0216164AE003BC27B /* 2244519675_d33963ec19.jpg in Resources */ = {isa = PBXBuildFile; fileRef = D8D63B96216164AE003BC27B /* 2244519675_d33963ec19.jpg */; };
		D8D63BA1216164AE003BC27B /* 2235802108_d41a3c0dc9.jpg in Resources */ = {isa = PBXBuildFile; fileRef = D8D63B97216164AE003BC27B /* 2235802108_d41a3c0dc9.jpg */; };
		D8D63BA2216164AE003BC27B /* 2226619357_54651ec8ff.jpg in Resources */ = {isa = PBXBuildFile; fileRef = D8D63B98216164AE003BC27B /* 2226619357_54651ec8ff.jpg */; };
		D8D63BA3216164AE003BC27B /* 2238374785_eb2222e376.jpg in Resources */ = {isa = PBXBuildFile; fileRef = D8D63B99216164AE003BC27B /* 2238374785_eb2222e376.jpg */; };
		D8D63BAE216164BF003BC27B /* 3190122365_9db6d61f26.jpg in Resources */ = {isa = PBXBuildFile; fileRef = D8D63BA4216164BF003BC27B /* 3190122365_9db6d61f26.jpg */; };
		D8D63BAF216164BF003BC27B /* 3163393439_8cfcddd324.jpg in Resources */ = {isa = PBXBuildFile; fileRef = D8D63BA5216164BF003BC27B /* 3163393439_8cfcddd324.jpg */; };
		D8D63BB0216164BF003BC27B /* 3184688010_c6c0498657.jpg in Resources */ = {isa = PBXBuildFile; fileRef = D8D63BA6216164BF003BC27B /* 3184688010_c6c0498657.jpg */; };
		D8D63BB1216164BF003BC27B /* 3191058682_6f3acf50d6.jpg in Resources */ = {isa = PBXBuildFile; fileRef = D8D63BA7216164BF003BC27B /* 3191058682_6f3acf50d6.jpg */; };
		D8D63BB2216164BF003BC27B /* 3188697457_1cda9bf32e.jpg in Resources */ = {isa = PBXBuildFile; fileRef = D8D63BA8216164BF003BC27B /* 3188697457_1cda9bf32e.jpg */; };
		D8D63BB3216164BF003BC27B /* 3167247755_9639f74a9d.jpg in Resources */ = {isa = PBXBuildFile; fileRef = D8D63BA9216164BF003BC27B /* 3167247755_9639f74a9d.jpg */; };
		D8D63BB4216164BF003BC27B /* 3171547884_780126f59c.jpg in Resources */ = {isa = PBXBuildFile; fileRef = D8D63BAA216164BF003BC27B /* 3171547884_780126f59c.jpg */; };
		D8D63BB5216164BF003BC27B /* 3194085945_2afc293835.jpg in Resources */ = {isa = PBXBuildFile; fileRef = D8D63BAB216164BF003BC27B /* 3194085945_2afc293835.jpg */; };
		D8D63BB6216164BF003BC27B /* 3196798487_0157fa3e40.jpg in Resources */ = {isa = PBXBuildFile; fileRef = D8D63BAC216164BF003BC27B /* 3196798487_0157fa3e40.jpg */; };
		D8D63BB7216164BF003BC27B /* 3179735427_a5b8f9475a.jpg in Resources */ = {isa = PBXBuildFile; fileRef = D8D63BAD216164BF003BC27B /* 3179735427_a5b8f9475a.jpg */; };
		D8D63BC2216164CB003BC27B /* 2204561686_aa5c6a232b.jpg in Resources */ = {isa = PBXBuildFile; fileRef = D8D63BB8216164CA003BC27B /* 2204561686_aa5c6a232b.jpg */; };
		D8D63BC3216164CB003BC27B /* 2204420588_609bf3544a.jpg in Resources */ = {isa = PBXBuildFile; fileRef = D8D63BB9216164CA003BC27B /* 2204420588_609bf3544a.jpg */; };
		D8D63BC4216164CB003BC27B /* 2204562610_0311a24036.jpg in Resources */ = {isa = PBXBuildFile; fileRef = D8D63BBA216164CA003BC27B /* 2204562610_0311a24036.jpg */; };
		D8D63BC5216164CB003BC27B /* 2204579620_b560aa5caf.jpg in Resources */ = {isa = PBXBuildFile; fileRef = D8D63BBB216164CA003BC27B /* 2204579620_b560aa5caf.jpg */; };
		D8D63BC6216164CB003BC27B /* 2204561820_7376565455.jpg in Resources */ = {isa = PBXBuildFile; fileRef = D8D63BBC216164CA003BC27B /* 2204561820_7376565455.jpg */; };
		D8D63BC7216164CB003BC27B /* 2204561968_3583b92220.jpg in Resources */ = {isa = PBXBuildFile; fileRef = D8D63BBD216164CA003BC27B /* 2204561968_3583b92220.jpg */; };
		D8D63BC8216164CB003BC27B /* 2204562144_bd601db944.jpg in Resources */ = {isa = PBXBuildFile; fileRef = D8D63BBE216164CA003BC27B /* 2204562144_bd601db944.jpg */; };
		D8D63BC9216164CB003BC27B /* 2204617414_8b5406368f.jpg in Resources */ = {isa = PBXBuildFile; fileRef = D8D63BBF216164CA003BC27B /* 2204617414_8b5406368f.jpg */; };
		D8D63BCA216164CB003BC27B /* 2204577350_504f75b9a5.jpg in Resources */ = {isa = PBXBuildFile; fileRef = D8D63BC0216164CA003BC27B /* 2204577350_504f75b9a5.jpg */; };
		D8D63BCB216164CB003BC27B /* 2204617042_b2dff001b4.jpg in Resources */ = {isa = PBXBuildFile; fileRef = D8D63BC1216164CB003BC27B /* 2204617042_b2dff001b4.jpg */; };
/* End PBXBuildFile section */

/* Begin PBXFileReference section */
		11063F5E1EC0EECC0033EE6D /* Vision+ML Example.app */ = {isa = PBXFileReference; explicitFileType = wrapper.application; includeInIndex = 0; path = "Vision+ML Example.app"; sourceTree = BUILT_PRODUCTS_DIR; };
		11063F611EC0EECC0033EE6D /* AppDelegate.swift */ = {isa = PBXFileReference; lastKnownFileType = sourcecode.swift; path = AppDelegate.swift; sourceTree = "<group>"; };
		11063F631EC0EECC0033EE6D /* ImageClassificationViewController.swift */ = {isa = PBXFileReference; lastKnownFileType = sourcecode.swift; path = ImageClassificationViewController.swift; sourceTree = "<group>"; };
		11063F661EC0EECC0033EE6D /* Base */ = {isa = PBXFileReference; lastKnownFileType = file.storyboard; name = Base; path = Base.lproj/Main.storyboard; sourceTree = "<group>"; };
		11063F681EC0EECC0033EE6D /* Assets.xcassets */ = {isa = PBXFileReference; lastKnownFileType = folder.assetcatalog; path = Assets.xcassets; sourceTree = "<group>"; };
		11063F6D1EC0EECC0033EE6D /* Info.plist */ = {isa = PBXFileReference; lastKnownFileType = text.plist.xml; path = Info.plist; sourceTree = "<group>"; };
		11063F731EC0F5270033EE6D /* CGImagePropertyOrientation+UIImageOrientation.swift */ = {isa = PBXFileReference; lastKnownFileType = sourcecode.swift; path = "CGImagePropertyOrientation+UIImageOrientation.swift"; sourceTree = "<group>"; };
		113695D71EC1151400CA6C43 /* Base */ = {isa = PBXFileReference; lastKnownFileType = file.storyboard; name = Base; path = Base.lproj/LaunchScreen.storyboard; sourceTree = "<group>"; };
		665B890D21615476003D8C08 /* SoundEffects.swift */ = {isa = PBXFileReference; lastKnownFileType = sourcecode.swift; path = SoundEffects.swift; sourceTree = "<group>"; };
		667EC1E621615C5A00F0164A /* moo.mp3 */ = {isa = PBXFileReference; lastKnownFileType = audio.mp3; path = moo.mp3; sourceTree = "<group>"; };
		667EC1E721615C5A00F0164A /* baah.mp3 */ = {isa = PBXFileReference; lastKnownFileType = audio.mp3; path = baah.mp3; sourceTree = "<group>"; };
		667EC1E821615C5A00F0164A /* meow.mp3 */ = {isa = PBXFileReference; lastKnownFileType = audio.mp3; path = meow.mp3; sourceTree = "<group>"; };
		667EC1E921615C5A00F0164A /* turtleNoise.mp3 */ = {isa = PBXFileReference; lastKnownFileType = audio.mp3; path = turtleNoise.mp3; sourceTree = "<group>"; };
		667EC1EA21615C5A00F0164A /* bark.mp3 */ = {isa = PBXFileReference; lastKnownFileType = audio.mp3; path = bark.mp3; sourceTree = "<group>"; };
		A9558E70A9563BA000000001 /* SampleCode.xcconfig */ = {isa = PBXFileReference; lastKnownFileType = text.xcconfig; name = SampleCode.xcconfig; path = Configuration/SampleCode.xcconfig; sourceTree = "<group>"; };
		D8D62F8821614AE4003BC27B /* AnimalClassifier.mlmodel */ = {isa = PBXFileReference; lastKnownFileType = file.mlmodel; path = AnimalClassifier.mlmodel; sourceTree = "<group>"; };
		D8D63B6821616493003BC27B /* 914.jpg */ = {isa = PBXFileReference; lastKnownFileType = image.jpeg; name = 914.jpg; path = ../../Test/Cat/914.jpg; sourceTree = "<group>"; };
		D8D63B6921616493003BC27B /* 919.jpg */ = {isa = PBXFileReference; lastKnownFileType = image.jpeg; name = 919.jpg; path = ../../Test/Cat/919.jpg; sourceTree = "<group>"; };
		D8D63B6A21616493003BC27B /* 915.jpg */ = {isa = PBXFileReference; lastKnownFileType = image.jpeg; name = 915.jpg; path = ../../Test/Cat/915.jpg; sourceTree = "<group>"; };
		D8D63B6B21616493003BC27B /* 916.jpg */ = {isa = PBXFileReference; lastKnownFileType = image.jpeg; name = 916.jpg; path = ../../Test/Cat/916.jpg; sourceTree = "<group>"; };
		D8D63B6C21616493003BC27B /* 917.jpg */ = {isa = PBXFileReference; lastKnownFileType = image.jpeg; name = 917.jpg; path = ../../Test/Cat/917.jpg; sourceTree = "<group>"; };
		D8D63B6D21616493003BC27B /* 910.jpg */ = {isa = PBXFileReference; lastKnownFileType = image.jpeg; name = 910.jpg; path = ../../Test/Cat/910.jpg; sourceTree = "<group>"; };
		D8D63B6E21616493003BC27B /* 913.jpg */ = {isa = PBXFileReference; lastKnownFileType = image.jpeg; name = 913.jpg; path = ../../Test/Cat/913.jpg; sourceTree = "<group>"; };
		D8D63B6F21616493003BC27B /* 911.jpg */ = {isa = PBXFileReference; lastKnownFileType = image.jpeg; name = 911.jpg; path = ../../Test/Cat/911.jpg; sourceTree = "<group>"; };
		D8D63B7021616493003BC27B /* 912.jpg */ = {isa = PBXFileReference; lastKnownFileType = image.jpeg; name = 912.jpg; path = ../../Test/Cat/912.jpg; sourceTree = "<group>"; };
		D8D63B7121616493003BC27B /* 918.jpg */ = {isa = PBXFileReference; lastKnownFileType = image.jpeg; name = 918.jpg; path = ../../Test/Cat/918.jpg; sourceTree = "<group>"; };
		D8D63B7C216164A1003BC27B /* 924.jpg */ = {isa = PBXFileReference; lastKnownFileType = image.jpeg; name = 924.jpg; path = ../../Test/Dog/924.jpg; sourceTree = "<group>"; };
		D8D63B7D216164A1003BC27B /* 929.jpg */ = {isa = PBXFileReference; lastKnownFileType = image.jpeg; name = 929.jpg; path = ../../Test/Dog/929.jpg; sourceTree = "<group>"; };
		D8D63B7E216164A1003BC27B /* 925.jpg */ = {isa = PBXFileReference; lastKnownFileType = image.jpeg; name = 925.jpg; path = ../../Test/Dog/925.jpg; sourceTree = "<group>"; };
		D8D63B7F216164A1003BC27B /* 922.jpg */ = {isa = PBXFileReference; lastKnownFileType = image.jpeg; name = 922.jpg; path = ../../Test/Dog/922.jpg; sourceTree = "<group>"; };
		D8D63B80216164A1003BC27B /* 923.jpg */ = {isa = PBXFileReference; lastKnownFileType = image.jpeg; name = 923.jpg; path = ../../Test/Dog/923.jpg; sourceTree = "<group>"; };
		D8D63B81216164A1003BC27B /* 920.jpg */ = {isa = PBXFileReference; lastKnownFileType = image.jpeg; name = 920.jpg; path = ../../Test/Dog/920.jpg; sourceTree = "<group>"; };
		D8D63B82216164A1003BC27B /* 921.jpg */ = {isa = PBXFileReference; lastKnownFileType = image.jpeg; name = 921.jpg; path = ../../Test/Dog/921.jpg; sourceTree = "<group>"; };
		D8D63B83216164A1003BC27B /* 926.jpg */ = {isa = PBXFileReference; lastKnownFileType = image.jpeg; name = 926.jpg; path = ../../Test/Dog/926.jpg; sourceTree = "<group>"; };
		D8D63B84216164A1003BC27B /* 927.jpg */ = {isa = PBXFileReference; lastKnownFileType = image.jpeg; name = 927.jpg; path = ../../Test/Dog/927.jpg; sourceTree = "<group>"; };
		D8D63B85216164A1003BC27B /* 928.jpg */ = {isa = PBXFileReference; lastKnownFileType = image.jpeg; name = 928.jpg; path = ../../Test/Dog/928.jpg; sourceTree = "<group>"; };
		D8D63B90216164AD003BC27B /* 2222687619_c652a684ea.jpg */ = {isa = PBXFileReference; lastKnownFileType = image.jpeg; name = 2222687619_c652a684ea.jpg; path = ../../Test/Turtle/2222687619_c652a684ea.jpg; sourceTree = "<group>"; };
		D8D63B91216164AD003BC27B /* 2244518555_11fa9d7baf.jpg */ = {isa = PBXFileReference; lastKnownFileType = image.jpeg; name = 2244518555_11fa9d7baf.jpg; path = ../../Test/Turtle/2244518555_11fa9d7baf.jpg; sourceTree = "<group>"; };
		D8D63B92216164AE003BC27B /* 2221081120_8f8e8c33ae.jpg */ = {isa = PBXFileReference; lastKnownFileType = image.jpeg; name = 2221081120_8f8e8c33ae.jpg; path = ../../Test/Turtle/2221081120_8f8e8c33ae.jpg; sourceTree = "<group>"; };
		D8D63B93216164AE003BC27B /* 2225632673_04e9e5b930.jpg */ = {isa = PBXFileReference; lastKnownFileType = image.jpeg; name = 2225632673_04e9e5b930.jpg; path = ../../Test/Turtle/2225632673_04e9e5b930.jpg; sourceTree = "<group>"; };
		D8D63B94216164AE003BC27B /* 2232083678_ce3a0a4b2c.jpg */ = {isa = PBXFileReference; lastKnownFileType = image.jpeg; name = 2232083678_ce3a0a4b2c.jpg; path = ../../Test/Turtle/2232083678_ce3a0a4b2c.jpg; sourceTree = "<group>"; };
		D8D63B95216164AE003BC27B /* 2244517913_2cc54380b7.jpg */ = {isa = PBXFileReference; lastKnownFileType = image.jpeg; name = 2244517913_2cc54380b7.jpg; path = ../../Test/Turtle/2244517913_2cc54380b7.jpg; sourceTree = "<group>"; };
		D8D63B96216164AE003BC27B /* 2244519675_d33963ec19.jpg */ = {isa = PBXFileReference; lastKnownFileType = image.jpeg; name = 2244519675_d33963ec19.jpg; path = ../../Test/Turtle/2244519675_d33963ec19.jpg; sourceTree = "<group>"; };
		D8D63B97216164AE003BC27B /* 2235802108_d41a3c0dc9.jpg */ = {isa = PBXFileReference; lastKnownFileType = image.jpeg; name = 2235802108_d41a3c0dc9.jpg; path = ../../Test/Turtle/2235802108_d41a3c0dc9.jpg; sourceTree = "<group>"; };
		D8D63B98216164AE003BC27B /* 2226619357_54651ec8ff.jpg */ = {isa = PBXFileReference; lastKnownFileType = image.jpeg; name = 2226619357_54651ec8ff.jpg; path = ../../Test/Turtle/2226619357_54651ec8ff.jpg; sourceTree = "<group>"; };
		D8D63B99216164AE003BC27B /* 2238374785_eb2222e376.jpg */ = {isa = PBXFileReference; lastKnownFileType = image.jpeg; name = 2238374785_eb2222e376.jpg; path = ../../Test/Turtle/2238374785_eb2222e376.jpg; sourceTree = "<group>"; };
		D8D63BA4216164BF003BC27B /* 3190122365_9db6d61f26.jpg */ = {isa = PBXFileReference; lastKnownFileType = image.jpeg; name = 3190122365_9db6d61f26.jpg; path = ../../Test/Sheep/3190122365_9db6d61f26.jpg; sourceTree = "<group>"; };
		D8D63BA5216164BF003BC27B /* 3163393439_8cfcddd324.jpg */ = {isa = PBXFileReference; lastKnownFileType = image.jpeg; name = 3163393439_8cfcddd324.jpg; path = ../../Test/Sheep/3163393439_8cfcddd324.jpg; sourceTree = "<group>"; };
		D8D63BA6216164BF003BC27B /* 3184688010_c6c0498657.jpg */ = {isa = PBXFileReference; lastKnownFileType = image.jpeg; name = 3184688010_c6c0498657.jpg; path = ../../Test/Sheep/3184688010_c6c0498657.jpg; sourceTree = "<group>"; };
		D8D63BA7216164BF003BC27B /* 3191058682_6f3acf50d6.jpg */ = {isa = PBXFileReference; lastKnownFileType = image.jpeg; name = 3191058682_6f3acf50d6.jpg; path = ../../Test/Sheep/3191058682_6f3acf50d6.jpg; sourceTree = "<group>"; };
		D8D63BA8216164BF003BC27B /* 3188697457_1cda9bf32e.jpg */ = {isa = PBXFileReference; lastKnownFileType = image.jpeg; name = 3188697457_1cda9bf32e.jpg; path = ../../Test/Sheep/3188697457_1cda9bf32e.jpg; sourceTree = "<group>"; };
		D8D63BA9216164BF003BC27B /* 3167247755_9639f74a9d.jpg */ = {isa = PBXFileReference; lastKnownFileType = image.jpeg; name = 3167247755_9639f74a9d.jpg; path = ../../Test/Sheep/3167247755_9639f74a9d.jpg; sourceTree = "<group>"; };
		D8D63BAA216164BF003BC27B /* 3171547884_780126f59c.jpg */ = {isa = PBXFileReference; lastKnownFileType = image.jpeg; name = 3171547884_780126f59c.jpg; path = ../../Test/Sheep/3171547884_780126f59c.jpg; sourceTree = "<group>"; };
		D8D63BAB216164BF003BC27B /* 3194085945_2afc293835.jpg */ = {isa = PBXFileReference; lastKnownFileType = image.jpeg; name = 3194085945_2afc293835.jpg; path = ../../Test/Sheep/3194085945_2afc293835.jpg; sourceTree = "<group>"; };
		D8D63BAC216164BF003BC27B /* 3196798487_0157fa3e40.jpg */ = {isa = PBXFileReference; lastKnownFileType = image.jpeg; name = 3196798487_0157fa3e40.jpg; path = ../../Test/Sheep/3196798487_0157fa3e40.jpg; sourceTree = "<group>"; };
		D8D63BAD216164BF003BC27B /* 3179735427_a5b8f9475a.jpg */ = {isa = PBXFileReference; lastKnownFileType = image.jpeg; name = 3179735427_a5b8f9475a.jpg; path = ../../Test/Sheep/3179735427_a5b8f9475a.jpg; sourceTree = "<group>"; };
		D8D63BB8216164CA003BC27B /* 2204561686_aa5c6a232b.jpg */ = {isa = PBXFileReference; lastKnownFileType = image.jpeg; name = 2204561686_aa5c6a232b.jpg; path = ../../Test/Cow/2204561686_aa5c6a232b.jpg; sourceTree = "<group>"; };
		D8D63BB9216164CA003BC27B /* 2204420588_609bf3544a.jpg */ = {isa = PBXFileReference; lastKnownFileType = image.jpeg; name = 2204420588_609bf3544a.jpg; path = ../../Test/Cow/2204420588_609bf3544a.jpg; sourceTree = "<group>"; };
		D8D63BBA216164CA003BC27B /* 2204562610_0311a24036.jpg */ = {isa = PBXFileReference; lastKnownFileType = image.jpeg; name = 2204562610_0311a24036.jpg; path = ../../Test/Cow/2204562610_0311a24036.jpg; sourceTree = "<group>"; };
		D8D63BBB216164CA003BC27B /* 2204579620_b560aa5caf.jpg */ = {isa = PBXFileReference; lastKnownFileType = image.jpeg; name = 2204579620_b560aa5caf.jpg; path = ../../Test/Cow/2204579620_b560aa5caf.jpg; sourceTree = "<group>"; };
		D8D63BBC216164CA003BC27B /* 2204561820_7376565455.jpg */ = {isa = PBXFileReference; lastKnownFileType = image.jpeg; name = 2204561820_7376565455.jpg; path = ../../Test/Cow/2204561820_7376565455.jpg; sourceTree = "<group>"; };
		D8D63BBD216164CA003BC27B /* 2204561968_3583b92220.jpg */ = {isa = PBXFileReference; lastKnownFileType = image.jpeg; name = 2204561968_3583b92220.jpg; path = ../../Test/Cow/2204561968_3583b92220.jpg; sourceTree = "<group>"; };
		D8D63BBE216164CA003BC27B /* 2204562144_bd601db944.jpg */ = {isa = PBXFileReference; lastKnownFileType = image.jpeg; name = 2204562144_bd601db944.jpg; path = ../../Test/Cow/2204562144_bd601db944.jpg; sourceTree = "<group>"; };
		D8D63BBF216164CA003BC27B /* 2204617414_8b5406368f.jpg */ = {isa = PBXFileReference; lastKnownFileType = image.jpeg; name = 2204617414_8b5406368f.jpg; path = ../../Test/Cow/2204617414_8b5406368f.jpg; sourceTree = "<group>"; };
		D8D63BC0216164CA003BC27B /* 2204577350_504f75b9a5.jpg */ = {isa = PBXFileReference; lastKnownFileType = image.jpeg; name = 2204577350_504f75b9a5.jpg; path = ../../Test/Cow/2204577350_504f75b9a5.jpg; sourceTree = "<group>"; };
		D8D63BC1216164CB003BC27B /* 2204617042_b2dff001b4.jpg */ = {isa = PBXFileReference; lastKnownFileType = image.jpeg; name = 2204617042_b2dff001b4.jpg; path = ../../Test/Cow/2204617042_b2dff001b4.jpg; sourceTree = "<group>"; };
/* End PBXFileReference section */

/* Begin PBXFrameworksBuildPhase section */
		11063F5B1EC0EECC0033EE6D /* Frameworks */ = {
			isa = PBXFrameworksBuildPhase;
			buildActionMask = 2147483647;
			files = (
			);
			runOnlyForDeploymentPostprocessing = 0;
		};
/* End PBXFrameworksBuildPhase section */

/* Begin PBXGroup section */
		11063F551EC0EECC0033EE6D = {
			isa = PBXGroup;
			children = (
				11063F601EC0EECC0033EE6D /* Vision+ML Example */,
				11063F5F1EC0EECC0033EE6D /* Products */,
				A9563AD0A9557D1000000001 /* Configuration */,
			);
			sourceTree = "<group>";
		};
		11063F5F1EC0EECC0033EE6D /* Products */ = {
			isa = PBXGroup;
			children = (
				11063F5E1EC0EECC0033EE6D /* Vision+ML Example.app */,
			);
			name = Products;
			sourceTree = "<group>";
		};
		11063F601EC0EECC0033EE6D /* Vision+ML Example */ = {
			isa = PBXGroup;
			children = (
				D8D63BB9216164CA003BC27B /* 2204420588_609bf3544a.jpg */,
				D8D63BB8216164CA003BC27B /* 2204561686_aa5c6a232b.jpg */,
				D8D63BBC216164CA003BC27B /* 2204561820_7376565455.jpg */,
				D8D63BBD216164CA003BC27B /* 2204561968_3583b92220.jpg */,
				D8D63BBE216164CA003BC27B /* 2204562144_bd601db944.jpg */,
				D8D63BBA216164CA003BC27B /* 2204562610_0311a24036.jpg */,
				D8D63BC0216164CA003BC27B /* 2204577350_504f75b9a5.jpg */,
				D8D63BBB216164CA003BC27B /* 2204579620_b560aa5caf.jpg */,
				D8D63BC1216164CB003BC27B /* 2204617042_b2dff001b4.jpg */,
				D8D63BBF216164CA003BC27B /* 2204617414_8b5406368f.jpg */,
				D8D63BA5216164BF003BC27B /* 3163393439_8cfcddd324.jpg */,
				D8D63BA9216164BF003BC27B /* 3167247755_9639f74a9d.jpg */,
				D8D63BAA216164BF003BC27B /* 3171547884_780126f59c.jpg */,
				D8D63BAD216164BF003BC27B /* 3179735427_a5b8f9475a.jpg */,
				D8D63BA6216164BF003BC27B /* 3184688010_c6c0498657.jpg */,
				D8D63BA8216164BF003BC27B /* 3188697457_1cda9bf32e.jpg */,
				D8D63BA4216164BF003BC27B /* 3190122365_9db6d61f26.jpg */,
				D8D63BA7216164BF003BC27B /* 3191058682_6f3acf50d6.jpg */,
				D8D63BAB216164BF003BC27B /* 3194085945_2afc293835.jpg */,
				D8D63BAC216164BF003BC27B /* 3196798487_0157fa3e40.jpg */,
				D8D63B92216164AE003BC27B /* 2221081120_8f8e8c33ae.jpg */,
				D8D63B90216164AD003BC27B /* 2222687619_c652a684ea.jpg */,
				D8D63B93216164AE003BC27B /* 2225632673_04e9e5b930.jpg */,
				D8D63B98216164AE003BC27B /* 2226619357_54651ec8ff.jpg */,
				D8D63B94216164AE003BC27B /* 2232083678_ce3a0a4b2c.jpg */,
				D8D63B97216164AE003BC27B /* 2235802108_d41a3c0dc9.jpg */,
				D8D63B99216164AE003BC27B /* 2238374785_eb2222e376.jpg */,
				D8D63B95216164AE003BC27B /* 2244517913_2cc54380b7.jpg */,
				D8D63B91216164AD003BC27B /* 2244518555_11fa9d7baf.jpg */,
				D8D63B96216164AE003BC27B /* 2244519675_d33963ec19.jpg */,
				D8D63B6D21616493003BC27B /* 910.jpg */,
				D8D63B6F21616493003BC27B /* 911.jpg */,
				D8D63B7021616493003BC27B /* 912.jpg */,
				D8D63B6E21616493003BC27B /* 913.jpg */,
				D8D63B6821616493003BC27B /* 914.jpg */,
				D8D63B6A21616493003BC27B /* 915.jpg */,
				D8D63B6B21616493003BC27B /* 916.jpg */,
				D8D63B6C21616493003BC27B /* 917.jpg */,
				D8D63B7121616493003BC27B /* 918.jpg */,
				D8D63B6921616493003BC27B /* 919.jpg */,
				D8D63B81216164A1003BC27B /* 920.jpg */,
				D8D63B82216164A1003BC27B /* 921.jpg */,
				D8D63B7F216164A1003BC27B /* 922.jpg */,
				D8D63B80216164A1003BC27B /* 923.jpg */,
				D8D63B7C216164A1003BC27B /* 924.jpg */,
				D8D63B7E216164A1003BC27B /* 925.jpg */,
				D8D63B83216164A1003BC27B /* 926.jpg */,
				D8D63B84216164A1003BC27B /* 927.jpg */,
				D8D63B85216164A1003BC27B /* 928.jpg */,
				D8D63B7D216164A1003BC27B /* 929.jpg */,
				667EC1E721615C5A00F0164A /* baah.mp3 */,
				667EC1EA21615C5A00F0164A /* bark.mp3 */,
				667EC1E821615C5A00F0164A /* meow.mp3 */,
				667EC1E621615C5A00F0164A /* moo.mp3 */,
				667EC1E921615C5A00F0164A /* turtleNoise.mp3 */,
				D8D62F8821614AE4003BC27B /* AnimalClassifier.mlmodel */,
				11063F611EC0EECC0033EE6D /* AppDelegate.swift */,
				11063F631EC0EECC0033EE6D /* ImageClassificationViewController.swift */,
				665B890D21615476003D8C08 /* SoundEffects.swift */,
				11063F731EC0F5270033EE6D /* CGImagePropertyOrientation+UIImageOrientation.swift */,
				11063F651EC0EECC0033EE6D /* Main.storyboard */,
				C82A1C951F1809F5005996F6 /* Supporting Files */,
			);
			path = "Vision+ML Example";
			sourceTree = "<group>";
		};
		A9563AD0A9557D1000000001 /* Configuration */ = {
			isa = PBXGroup;
			children = (
				A9558E70A9563BA000000001 /* SampleCode.xcconfig */,
			);
			name = Configuration;
			sourceTree = "<group>";
		};
		C82A1C951F1809F5005996F6 /* Supporting Files */ = {
			isa = PBXGroup;
			children = (
				11063F681EC0EECC0033EE6D /* Assets.xcassets */,
				11063F6D1EC0EECC0033EE6D /* Info.plist */,
				113695D61EC1151400CA6C43 /* LaunchScreen.storyboard */,
			);
			path = "Supporting Files";
			sourceTree = "<group>";
		};
/* End PBXGroup section */

/* Begin PBXNativeTarget section */
		11063F5D1EC0EECC0033EE6D /* Vision+ML Example */ = {
			isa = PBXNativeTarget;
			buildConfigurationList = 11063F701EC0EECC0033EE6D /* Build configuration list for PBXNativeTarget "Vision+ML Example" */;
			buildPhases = (
				11063F5A1EC0EECC0033EE6D /* Sources */,
				11063F5B1EC0EECC0033EE6D /* Frameworks */,
				11063F5C1EC0EECC0033EE6D /* Resources */,
			);
			buildRules = (
			);
			dependencies = (
			);
			name = "Vision+ML Example";
			productName = "Vision+ML Example";
			productReference = 11063F5E1EC0EECC0033EE6D /* Vision+ML Example.app */;
			productType = "com.apple.product-type.application";
		};
/* End PBXNativeTarget section */

/* Begin PBXProject section */
		11063F561EC0EECC0033EE6D /* Project object */ = {
			isa = PBXProject;
			attributes = {
				LastSwiftUpdateCheck = 0900;
				LastUpgradeCheck = 1000;
				ORGANIZATIONNAME = Apple;
				TargetAttributes = {
					11063F5D1EC0EECC0033EE6D = {
						CreatedOnToolsVersion = 9.0;
						LastSwiftMigration = 1000;
					};
				};
			};
			buildConfigurationList = 11063F591EC0EECC0033EE6D /* Build configuration list for PBXProject "Vision+ML Example" */;
			compatibilityVersion = "Xcode 8.0";
			developmentRegion = en;
			hasScannedForEncodings = 0;
			knownRegions = (
				en,
				Base,
			);
			mainGroup = 11063F551EC0EECC0033EE6D;
			productRefGroup = 11063F5F1EC0EECC0033EE6D /* Products */;
			projectDirPath = "";
			projectRoot = "";
			targets = (
				11063F5D1EC0EECC0033EE6D /* Vision+ML Example */,
			);
		};
/* End PBXProject section */

/* Begin PBXResourcesBuildPhase section */
		11063F5C1EC0EECC0033EE6D /* Resources */ = {
			isa = PBXResourcesBuildPhase;
			buildActionMask = 2147483647;
			files = (
				D8D63BA3216164AE003BC27B /* 2238374785_eb2222e376.jpg in Resources */,
				D8D63BB4216164BF003BC27B /* 3171547884_780126f59c.jpg in Resources */,
				D8D63B7221616493003BC27B /* 914.jpg in Resources */,
				D8D63BB2216164BF003BC27B /* 3188697457_1cda9bf32e.jpg in Resources */,
				D8D63B7921616493003BC27B /* 911.jpg in Resources */,
				D8D63BB3216164BF003BC27B /* 3167247755_9639f74a9d.jpg in Resources */,
				D8D63BC9216164CB003BC27B /* 2204617414_8b5406368f.jpg in Resources */,
				D8D63B9C216164AE003BC27B /* 2221081120_8f8e8c33ae.jpg in Resources */,
				D8D63BB7216164BF003BC27B /* 3179735427_a5b8f9475a.jpg in Resources */,
				D8D63BB5216164BF003BC27B /* 3194085945_2afc293835.jpg in Resources */,
				D8D63BC2216164CB003BC27B /* 2204561686_aa5c6a232b.jpg in Resources */,
				D8D63BA2216164AE003BC27B /* 2226619357_54651ec8ff.jpg in Resources */,
				667EC1EB21615C5A00F0164A /* moo.mp3 in Resources */,
				D8D63B7A21616493003BC27B /* 912.jpg in Resources */,
				667EC1EE21615C5A00F0164A /* turtleNoise.mp3 in Resources */,
				D8D63B8A216164A1003BC27B /* 923.jpg in Resources */,
				D8D63BA0216164AE003BC27B /* 2244519675_d33963ec19.jpg in Resources */,
				D8D63B9D216164AE003BC27B /* 2225632673_04e9e5b930.jpg in Resources */,
				D8D63B8E216164A1003BC27B /* 927.jpg in Resources */,
				D8D63BC3216164CB003BC27B /* 2204420588_609bf3544a.jpg in Resources */,
				D8D63BA1216164AE003BC27B /* 2235802108_d41a3c0dc9.jpg in Resources */,
				D8D63B7321616493003BC27B /* 919.jpg in Resources */,
				D8D63B87216164A1003BC27B /* 929.jpg in Resources */,
				667EC1EC21615C5A00F0164A /* baah.mp3 in Resources */,
				D8D63B8B216164A1003BC27B /* 920.jpg in Resources */,
				D8D63BC6216164CB003BC27B /* 2204561820_7376565455.jpg in Resources */,
				667EC1ED21615C5A00F0164A /* meow.mp3 in Resources */,
				D8D63B9E216164AE003BC27B /* 2232083678_ce3a0a4b2c.jpg in Resources */,
				D8D63BCB216164CB003BC27B /* 2204617042_b2dff001b4.jpg in Resources */,
				D8D63B88216164A1003BC27B /* 925.jpg in Resources */,
				D8D63B8F216164A1003BC27B /* 928.jpg in Resources */,
				D8D63BC4216164CB003BC27B /* 2204562610_0311a24036.jpg in Resources */,
				D8D63B7521616493003BC27B /* 916.jpg in Resources */,
				D8D63B86216164A1003BC27B /* 924.jpg in Resources */,
				D8D63BC7216164CB003BC27B /* 2204561968_3583b92220.jpg in Resources */,
				D8D63B7421616493003BC27B /* 915.jpg in Resources */,
				113695D81EC1151400CA6C43 /* LaunchScreen.storyboard in Resources */,
				D8D63B7821616493003BC27B /* 913.jpg in Resources */,
				D8D63BC5216164CB003BC27B /* 2204579620_b560aa5caf.jpg in Resources */,
				D8D63BAE216164BF003BC27B /* 3190122365_9db6d61f26.jpg in Resources */,
				D8D63B7B21616493003BC27B /* 918.jpg in Resources */,
				D8D63B7621616493003BC27B /* 917.jpg in Resources */,
				11063F691EC0EECC0033EE6D /* Assets.xcassets in Resources */,
				D8D63B9B216164AE003BC27B /* 2244518555_11fa9d7baf.jpg in Resources */,
				D8D63B9F216164AE003BC27B /* 2244517913_2cc54380b7.jpg in Resources */,
				D8D63BB1216164BF003BC27B /* 3191058682_6f3acf50d6.jpg in Resources */,
				667EC1EF21615C5A00F0164A /* bark.mp3 in Resources */,
				D8D63B8D216164A1003BC27B /* 926.jpg in Resources */,
				D8D63B89216164A1003BC27B /* 922.jpg in Resources */,
				D8D63BB6216164BF003BC27B /* 3196798487_0157fa3e40.jpg in Resources */,
				D8D63B9A216164AE003BC27B /* 2222687619_c652a684ea.jpg in Resources */,
				D8D63BAF216164BF003BC27B /* 3163393439_8cfcddd324.jpg in Resources */,
				D8D63BC8216164CB003BC27B /* 2204562144_bd601db944.jpg in Resources */,
				D8D63B7721616493003BC27B /* 910.jpg in Resources */,
				D8D63BCA216164CB003BC27B /* 2204577350_504f75b9a5.jpg in Resources */,
				11063F671EC0EECC0033EE6D /* Main.storyboard in Resources */,
				D8D63BB0216164BF003BC27B /* 3184688010_c6c0498657.jpg in Resources */,
				D8D63B8C216164A1003BC27B /* 921.jpg in Resources */,
			);
			runOnlyForDeploymentPostprocessing = 0;
		};
/* End PBXResourcesBuildPhase section */

/* Begin PBXSourcesBuildPhase section */
		11063F5A1EC0EECC0033EE6D /* Sources */ = {
			isa = PBXSourcesBuildPhase;
			buildActionMask = 2147483647;
			files = (
				11063F741EC0F5270033EE6D /* CGImagePropertyOrientation+UIImageOrientation.swift in Sources */,
				11063F641EC0EECC0033EE6D /* ImageClassificationViewController.swift in Sources */,
				11063F621EC0EECC0033EE6D /* AppDelegate.swift in Sources */,
				665B890E21615476003D8C08 /* SoundEffects.swift in Sources */,
				D8D62F8921614AE4003BC27B /* AnimalClassifier.mlmodel in Sources */,
			);
			runOnlyForDeploymentPostprocessing = 0;
		};
/* End PBXSourcesBuildPhase section */

/* Begin PBXVariantGroup section */
		11063F651EC0EECC0033EE6D /* Main.storyboard */ = {
			isa = PBXVariantGroup;
			children = (
				11063F661EC0EECC0033EE6D /* Base */,
			);
			name = Main.storyboard;
			sourceTree = "<group>";
		};
		113695D61EC1151400CA6C43 /* LaunchScreen.storyboard */ = {
			isa = PBXVariantGroup;
			children = (
				113695D71EC1151400CA6C43 /* Base */,
			);
			name = LaunchScreen.storyboard;
			path = ..;
			sourceTree = "<group>";
		};
/* End PBXVariantGroup section */

/* Begin XCBuildConfiguration section */
		11063F6E1EC0EECC0033EE6D /* Debug */ = {
			isa = XCBuildConfiguration;
			baseConfigurationReference = A9558E70A9563BA000000001 /* SampleCode.xcconfig */;
			buildSettings = {
				ALWAYS_SEARCH_USER_PATHS = NO;
				CLANG_ANALYZER_NONNULL = YES;
				CLANG_ANALYZER_NUMBER_OBJECT_CONVERSION = YES_AGGRESSIVE;
				CLANG_CXX_LANGUAGE_STANDARD = "gnu++14";
				CLANG_CXX_LIBRARY = "libc++";
				CLANG_ENABLE_MODULES = YES;
				CLANG_ENABLE_OBJC_ARC = YES;
				CLANG_WARN_BLOCK_CAPTURE_AUTORELEASING = YES;
				CLANG_WARN_BOOL_CONVERSION = YES;
				CLANG_WARN_COMMA = YES;
				CLANG_WARN_CONSTANT_CONVERSION = YES;
				CLANG_WARN_DEPRECATED_OBJC_IMPLEMENTATIONS = YES;
				CLANG_WARN_DIRECT_OBJC_ISA_USAGE = YES_ERROR;
				CLANG_WARN_DOCUMENTATION_COMMENTS = YES;
				CLANG_WARN_EMPTY_BODY = YES;
				CLANG_WARN_ENUM_CONVERSION = YES;
				CLANG_WARN_INFINITE_RECURSION = YES;
				CLANG_WARN_INT_CONVERSION = YES;
				CLANG_WARN_NON_LITERAL_NULL_CONVERSION = YES;
				CLANG_WARN_OBJC_IMPLICIT_RETAIN_SELF = YES;
				CLANG_WARN_OBJC_LITERAL_CONVERSION = YES;
				CLANG_WARN_OBJC_ROOT_CLASS = YES_ERROR;
				CLANG_WARN_RANGE_LOOP_ANALYSIS = YES;
				CLANG_WARN_STRICT_PROTOTYPES = YES;
				CLANG_WARN_SUSPICIOUS_MOVE = YES;
				CLANG_WARN_UNGUARDED_AVAILABILITY = YES;
				CLANG_WARN_UNREACHABLE_CODE = YES;
				CLANG_WARN__DUPLICATE_METHOD_MATCH = YES;
				CODE_SIGN_IDENTITY = "iPhone Developer";
				COPY_PHASE_STRIP = NO;
				DEBUG_INFORMATION_FORMAT = dwarf;
				ENABLE_STRICT_OBJC_MSGSEND = YES;
				ENABLE_TESTABILITY = YES;
				GCC_C_LANGUAGE_STANDARD = gnu11;
				GCC_DYNAMIC_NO_PIC = NO;
				GCC_NO_COMMON_BLOCKS = YES;
				GCC_OPTIMIZATION_LEVEL = 0;
				GCC_PREPROCESSOR_DEFINITIONS = (
					"DEBUG=1",
					"$(inherited)",
				);
				GCC_WARN_64_TO_32_BIT_CONVERSION = YES;
				GCC_WARN_ABOUT_RETURN_TYPE = YES_ERROR;
				GCC_WARN_UNDECLARED_SELECTOR = YES;
				GCC_WARN_UNINITIALIZED_AUTOS = YES_AGGRESSIVE;
				GCC_WARN_UNUSED_FUNCTION = YES;
				GCC_WARN_UNUSED_VARIABLE = YES;
				IPHONEOS_DEPLOYMENT_TARGET = 11.0;
				MTL_ENABLE_DEBUG_INFO = YES;
				ONLY_ACTIVE_ARCH = YES;
				SDKROOT = iphoneos;
				SWIFT_ACTIVE_COMPILATION_CONDITIONS = DEBUG;
				SWIFT_OPTIMIZATION_LEVEL = "-Onone";
				SWIFT_VERSION = 3.0;
			};
			name = Debug;
		};
		11063F6F1EC0EECC0033EE6D /* Release */ = {
			isa = XCBuildConfiguration;
			baseConfigurationReference = A9558E70A9563BA000000001 /* SampleCode.xcconfig */;
			buildSettings = {
				ALWAYS_SEARCH_USER_PATHS = NO;
				CLANG_ANALYZER_NONNULL = YES;
				CLANG_ANALYZER_NUMBER_OBJECT_CONVERSION = YES_AGGRESSIVE;
				CLANG_CXX_LANGUAGE_STANDARD = "gnu++14";
				CLANG_CXX_LIBRARY = "libc++";
				CLANG_ENABLE_MODULES = YES;
				CLANG_ENABLE_OBJC_ARC = YES;
				CLANG_WARN_BLOCK_CAPTURE_AUTORELEASING = YES;
				CLANG_WARN_BOOL_CONVERSION = YES;
				CLANG_WARN_COMMA = YES;
				CLANG_WARN_CONSTANT_CONVERSION = YES;
				CLANG_WARN_DEPRECATED_OBJC_IMPLEMENTATIONS = YES;
				CLANG_WARN_DIRECT_OBJC_ISA_USAGE = YES_ERROR;
				CLANG_WARN_DOCUMENTATION_COMMENTS = YES;
				CLANG_WARN_EMPTY_BODY = YES;
				CLANG_WARN_ENUM_CONVERSION = YES;
				CLANG_WARN_INFINITE_RECURSION = YES;
				CLANG_WARN_INT_CONVERSION = YES;
				CLANG_WARN_NON_LITERAL_NULL_CONVERSION = YES;
				CLANG_WARN_OBJC_IMPLICIT_RETAIN_SELF = YES;
				CLANG_WARN_OBJC_LITERAL_CONVERSION = YES;
				CLANG_WARN_OBJC_ROOT_CLASS = YES_ERROR;
				CLANG_WARN_RANGE_LOOP_ANALYSIS = YES;
				CLANG_WARN_STRICT_PROTOTYPES = YES;
				CLANG_WARN_SUSPICIOUS_MOVE = YES;
				CLANG_WARN_UNGUARDED_AVAILABILITY = YES;
				CLANG_WARN_UNREACHABLE_CODE = YES;
				CLANG_WARN__DUPLICATE_METHOD_MATCH = YES;
				CODE_SIGN_IDENTITY = "iPhone Developer";
				COPY_PHASE_STRIP = NO;
				DEBUG_INFORMATION_FORMAT = "dwarf-with-dsym";
				ENABLE_NS_ASSERTIONS = NO;
				ENABLE_STRICT_OBJC_MSGSEND = YES;
				GCC_C_LANGUAGE_STANDARD = gnu11;
				GCC_NO_COMMON_BLOCKS = YES;
				GCC_WARN_64_TO_32_BIT_CONVERSION = YES;
				GCC_WARN_ABOUT_RETURN_TYPE = YES_ERROR;
				GCC_WARN_UNDECLARED_SELECTOR = YES;
				GCC_WARN_UNINITIALIZED_AUTOS = YES_AGGRESSIVE;
				GCC_WARN_UNUSED_FUNCTION = YES;
				GCC_WARN_UNUSED_VARIABLE = YES;
				IPHONEOS_DEPLOYMENT_TARGET = 11.0;
				MTL_ENABLE_DEBUG_INFO = NO;
				SDKROOT = iphoneos;
				SWIFT_OPTIMIZATION_LEVEL = "-Owholemodule";
				SWIFT_VERSION = 3.0;
				VALIDATE_PRODUCT = YES;
			};
			name = Release;
		};
		11063F711EC0EECC0033EE6D /* Debug */ = {
			isa = XCBuildConfiguration;
			baseConfigurationReference = A9558E70A9563BA000000001 /* SampleCode.xcconfig */;
			buildSettings = {
				ASSETCATALOG_COMPILER_APPICON_NAME = AppIcon;
				COREML_CODEGEN_LANGUAGE = Swift;
				DEVELOPMENT_TEAM = XG92J4K74F;
				INFOPLIST_FILE = "Vision+ML Example/Supporting Files/Info.plist";
				LD_RUNPATH_SEARCH_PATHS = "$(inherited) @executable_path/Frameworks";
				PRODUCT_BUNDLE_IDENTIFIER = "com.example.apple-samplecode.Vision-ML-Example${SAMPLE_CODE_DISAMBIGUATOR}";
				PRODUCT_NAME = "$(TARGET_NAME)";
				PROVISIONING_PROFILE_SPECIFIER = "";
				SWIFT_VERSION = 4.2;
				TARGETED_DEVICE_FAMILY = "1,2";
			};
			name = Debug;
		};
		11063F721EC0EECC0033EE6D /* Release */ = {
			isa = XCBuildConfiguration;
			baseConfigurationReference = A9558E70A9563BA000000001 /* SampleCode.xcconfig */;
			buildSettings = {
				ASSETCATALOG_COMPILER_APPICON_NAME = AppIcon;
				COREML_CODEGEN_LANGUAGE = Swift;
				DEVELOPMENT_TEAM = XG92J4K74F;
				INFOPLIST_FILE = "Vision+ML Example/Supporting Files/Info.plist";
				LD_RUNPATH_SEARCH_PATHS = "$(inherited) @executable_path/Frameworks";
				PRODUCT_BUNDLE_IDENTIFIER = "com.example.apple-samplecode.Vision-ML-Example${SAMPLE_CODE_DISAMBIGUATOR}";
				PRODUCT_NAME = "$(TARGET_NAME)";
				PROVISIONING_PROFILE_SPECIFIER = "";
				SWIFT_VERSION = 4.2;
				TARGETED_DEVICE_FAMILY = "1,2";
			};
			name = Release;
		};
/* End XCBuildConfiguration section */

/* Begin XCConfigurationList section */
		11063F591EC0EECC0033EE6D /* Build configuration list for PBXProject "Vision+ML Example" */ = {
			isa = XCConfigurationList;
			buildConfigurations = (
				11063F6E1EC0EECC0033EE6D /* Debug */,
				11063F6F1EC0EECC0033EE6D /* Release */,
			);
			defaultConfigurationIsVisible = 0;
			defaultConfigurationName = Release;
		};
		11063F701EC0EECC0033EE6D /* Build configuration list for PBXNativeTarget "Vision+ML Example" */ = {
			isa = XCConfigurationList;
			buildConfigurations = (
				11063F711EC0EECC0033EE6D /* Debug */,
				11063F721EC0EECC0033EE6D /* Release */,
			);
			defaultConfigurationIsVisible = 0;
			defaultConfigurationName = Release;
		};
/* End XCConfigurationList section */
	};
	rootObject = 11063F561EC0EECC0033EE6D /* Project object */;
}
