// !$*UTF8*$!
{
	archiveVersion = 1;
	classes = {
	};
	objectVersion = 48;
	objects = {

/* Begin PBXBuildFile section */
		11063F621EC0EECC0033EE6D /* AppDelegate.swift in Sources */ = {isa = PBXBuildFile; fileRef = 11063F611EC0EECC0033EE6D /* AppDelegate.swift */; };
		11063F641EC0EECC0033EE6D /* ImageClassificationViewController.swift in Sources */ = {isa = PBXBuildFile; fileRef = 11063F631EC0EECC0033EE6D /* ImageClassificationViewController.swift */; };
		11063F691EC0EECC0033EE6D /* Assets.xcassets in Resources */ = {isa = PBXBuildFile; fileRef = 11063F681EC0EECC0033EE6D /* Assets.xcassets */; };
		11063F741EC0F5270033EE6D /* CGImagePropertyOrientation+UIImageOrientation.swift in Sources */ = {isa = PBXBuildFile; fileRef = 11063F731EC0F5270033EE6D /* CGImagePropertyOrientation+UIImageOrientation.swift */; };
		113695D81EC1151400CA6C43 /* LaunchScreen.storyboard in Resources */ = {isa = PBXBuildFile; fileRef = 113695D61EC1151400CA6C43 /* LaunchScreen.storyboard */; };
		665B890E21615476003D8C08 /* SoundEffects.swift in Sources */ = {isa = PBXBuildFile; fileRef = 665B890D21615476003D8C08 /* SoundEffects.swift */; };
		667EC1EB21615C5A00F0164A /* moo.mp3 in Resources */ = {isa = PBXBuildFile; fileRef = 667EC1E621615C5A00F0164A /* moo.mp3 */; };
		667EC1EC21615C5A00F0164A /* baah.mp3 in Resources */ = {isa = PBXBuildFile; fileRef = 667EC1E721615C5A00F0164A /* baah.mp3 */; };
		667EC1ED21615C5A00F0164A /* meow.mp3 in Resources */ = {isa = PBXBuildFile; fileRef = 667EC1E821615C5A00F0164A /* meow.mp3 */; };
		667EC1EE21615C5A00F0164A /* turtleNoise.mp3 in Resources */ = {isa = PBXBuildFile; fileRef = 667EC1E921615C5A00F0164A /* turtleNoise.mp3 */; };
		667EC1EF21615C5A00F0164A /* bark.mp3 in Resources */ = {isa = PBXBuildFile; fileRef = 667EC1EA21615C5A00F0164A /* bark.mp3 */; };
		D8D62F8921614AE4003BC27B /* AnimalClassifier.mlmodel in Sources */ = {isa = PBXBuildFile; fileRef = D8D62F8821614AE4003BC27B /* AnimalClassifier.mlmodel */; };
		D8D63C6621617EB0003BC27B /* 48.jpg in Resources */ = {isa = PBXBuildFile; fileRef = D8D63C3421617EAD003BC27B /* 48.jpg */; };
		D8D63C6721617EB0003BC27B /* 11.jpg in Resources */ = {isa = PBXBuildFile; fileRef = D8D63C3521617EAD003BC27B /* 11.jpg */; };
		D8D63C6821617EB0003BC27B /* 20.jpg in Resources */ = {isa = PBXBuildFile; fileRef = D8D63C3621617EAD003BC27B /* 20.jpg */; };
		D8D63C6921617EB0003BC27B /* 30.jpg in Resources */ = {isa = PBXBuildFile; fileRef = D8D63C3721617EAD003BC27B /* 30.jpg */; };
		D8D63C6A21617EB0003BC27B /* 47.jpg in Resources */ = {isa = PBXBuildFile; fileRef = D8D63C3821617EAD003BC27B /* 47.jpg */; };
		D8D63C6B21617EB0003BC27B /* 49.jpg in Resources */ = {isa = PBXBuildFile; fileRef = D8D63C3921617EAD003BC27B /* 49.jpg */; };
		D8D63C6C21617EB0003BC27B /* 44.jpg in Resources */ = {isa = PBXBuildFile; fileRef = D8D63C3A21617EAD003BC27B /* 44.jpg */; };
		D8D63C6D21617EB0003BC27B /* 46.jpg in Resources */ = {isa = PBXBuildFile; fileRef = D8D63C3B21617EAD003BC27B /* 46.jpg */; };
		D8D63C6E21617EB0003BC27B /* 33.jpg in Resources */ = {isa = PBXBuildFile; fileRef = D8D63C3C21617EAD003BC27B /* 33.jpg */; };
		D8D63C6F21617EB0003BC27B /* 2.jpg in Resources */ = {isa = PBXBuildFile; fileRef = D8D63C3D21617EAD003BC27B /* 2.jpg */; };
		D8D63C7021617EB0003BC27B /* 50.jpg in Resources */ = {isa = PBXBuildFile; fileRef = D8D63C3E21617EAD003BC27B /* 50.jpg */; };
		D8D63C7121617EB0003BC27B /* 16.jpg in Resources */ = {isa = PBXBuildFile; fileRef = D8D63C3F21617EAD003BC27B /* 16.jpg */; };
		D8D63C7221617EB0003BC27B /* 12.jpg in Resources */ = {isa = PBXBuildFile; fileRef = D8D63C4021617EAD003BC27B /* 12.jpg */; };
		D8D63C7321617EB0003BC27B /* 7.jpg in Resources */ = {isa = PBXBuildFile; fileRef = D8D63C4121617EAD003BC27B /* 7.jpg */; };
		D8D63C7421617EB0003BC27B /* 35.jpg in Resources */ = {isa = PBXBuildFile; fileRef = D8D63C4221617EAE003BC27B /* 35.jpg */; };
		D8D63C7521617EB0003BC27B /* 41.jpg in Resources */ = {isa = PBXBuildFile; fileRef = D8D63C4321617EAE003BC27B /* 41.jpg */; };
		D8D63C7621617EB0003BC27B /* 19.jpg in Resources */ = {isa = PBXBuildFile; fileRef = D8D63C4421617EAE003BC27B /* 19.jpg */; };
		D8D63C7721617EB0003BC27B /* 1.jpg in Resources */ = {isa = PBXBuildFile; fileRef = D8D63C4521617EAE003BC27B /* 1.jpg */; };
		D8D63C7821617EB0003BC27B /* 5.jpg in Resources */ = {isa = PBXBuildFile; fileRef = D8D63C4621617EAE003BC27B /* 5.jpg */; };
		D8D63C7921617EB0003BC27B /* 42.jpg in Resources */ = {isa = PBXBuildFile; fileRef = D8D63C4721617EAE003BC27B /* 42.jpg */; };
		D8D63C7A21617EB0003BC27B /* 34.jpg in Resources */ = {isa = PBXBuildFile; fileRef = D8D63C4821617EAE003BC27B /* 34.jpg */; };
		D8D63C7B21617EB0003BC27B /* 18.jpg in Resources */ = {isa = PBXBuildFile; fileRef = D8D63C4921617EAE003BC27B /* 18.jpg */; };
		D8D63C7C21617EB0003BC27B /* 43.jpg in Resources */ = {isa = PBXBuildFile; fileRef = D8D63C4A21617EAE003BC27B /* 43.jpg */; };
		D8D63C7D21617EB0003BC27B /* 37.jpg in Resources */ = {isa = PBXBuildFile; fileRef = D8D63C4B21617EAE003BC27B /* 37.jpg */; };
		D8D63C7E21617EB0003BC27B /* 15.jpg in Resources */ = {isa = PBXBuildFile; fileRef = D8D63C4C21617EAE003BC27B /* 15.jpg */; };
		D8D63C7F21617EB0003BC27B /* 3.jpg in Resources */ = {isa = PBXBuildFile; fileRef = D8D63C4D21617EAE003BC27B /* 3.jpg */; };
		D8D63C8021617EB0003BC27B /* 22.jpg in Resources */ = {isa = PBXBuildFile; fileRef = D8D63C4E21617EAF003BC27B /* 22.jpg */; };
		D8D63C8121617EB0003BC27B /* 28.jpg in Resources */ = {isa = PBXBuildFile; fileRef = D8D63C4F21617EAF003BC27B /* 28.jpg */; };
		D8D63C8221617EB0003BC27B /* 6.jpg in Resources */ = {isa = PBXBuildFile; fileRef = D8D63C5021617EAF003BC27B /* 6.jpg */; };
		D8D63C8321617EB0003BC27B /* 8.jpg in Resources */ = {isa = PBXBuildFile; fileRef = D8D63C5121617EAF003BC27B /* 8.jpg */; };
		D8D63C8421617EB0003BC27B /* 27.jpg in Resources */ = {isa = PBXBuildFile; fileRef = D8D63C5221617EAF003BC27B /* 27.jpg */; };
		D8D63C8521617EB0003BC27B /* 14.jpg in Resources */ = {isa = PBXBuildFile; fileRef = D8D63C5321617EAF003BC27B /* 14.jpg */; };
		D8D63C8621617EB0003BC27B /* 21.jpg in Resources */ = {isa = PBXBuildFile; fileRef = D8D63C5421617EAF003BC27B /* 21.jpg */; };
		D8D63C8721617EB0003BC27B /* 36.jpg in Resources */ = {isa = PBXBuildFile; fileRef = D8D63C5521617EAF003BC27B /* 36.jpg */; };
		D8D63C8821617EB0003BC27B /* 38.jpg in Resources */ = {isa = PBXBuildFile; fileRef = D8D63C5621617EAF003BC27B /* 38.jpg */; };
		D8D63C8921617EB0003BC27B /* 26.jpg in Resources */ = {isa = PBXBuildFile; fileRef = D8D63C5721617EAF003BC27B /* 26.jpg */; };
		D8D63C8A21617EB0003BC27B /* 29.jpg in Resources */ = {isa = PBXBuildFile; fileRef = D8D63C5821617EAF003BC27B /* 29.jpg */; };
		D8D63C8B21617EB0003BC27B /* 23.jpg in Resources */ = {isa = PBXBuildFile; fileRef = D8D63C5921617EAF003BC27B /* 23.jpg */; };
		D8D63C8C21617EB0003BC27B /* 45.jpg in Resources */ = {isa = PBXBuildFile; fileRef = D8D63C5A21617EAF003BC27B /* 45.jpg */; };
		D8D63C8D21617EB0003BC27B /* 17.jpg in Resources */ = {isa = PBXBuildFile; fileRef = D8D63C5B21617EAF003BC27B /* 17.jpg */; };
		D8D63C8E21617EB0003BC27B /* 39.jpg in Resources */ = {isa = PBXBuildFile; fileRef = D8D63C5C21617EB0003BC27B /* 39.jpg */; };
		D8D63C8F21617EB0003BC27B /* 31.jpg in Resources */ = {isa = PBXBuildFile; fileRef = D8D63C5D21617EB0003BC27B /* 31.jpg */; };
		D8D63C9021617EB0003BC27B /* 25.jpg in Resources */ = {isa = PBXBuildFile; fileRef = D8D63C5E21617EB0003BC27B /* 25.jpg */; };
		D8D63C9121617EB0003BC27B /* 10.jpg in Resources */ = {isa = PBXBuildFile; fileRef = D8D63C5F21617EB0003BC27B /* 10.jpg */; };
		D8D63C9221617EB0003BC27B /* 4.jpg in Resources */ = {isa = PBXBuildFile; fileRef = D8D63C6021617EB0003BC27B /* 4.jpg */; };
		D8D63C9321617EB0003BC27B /* 40.jpg in Resources */ = {isa = PBXBuildFile; fileRef = D8D63C6121617EB0003BC27B /* 40.jpg */; };
		D8D63C9421617EB0003BC27B /* 9.jpg in Resources */ = {isa = PBXBuildFile; fileRef = D8D63C6221617EB0003BC27B /* 9.jpg */; };
		D8D63C9521617EB0003BC27B /* 32.jpg in Resources */ = {isa = PBXBuildFile; fileRef = D8D63C6321617EB0003BC27B /* 32.jpg */; };
		D8D63C9621617EB0003BC27B /* 13.jpg in Resources */ = {isa = PBXBuildFile; fileRef = D8D63C6421617EB0003BC27B /* 13.jpg */; };
		D8D63C9721617EB0003BC27B /* 24.jpg in Resources */ = {isa = PBXBuildFile; fileRef = D8D63C6521617EB0003BC27B /* 24.jpg */; };
		D8D63C9921617EB9003BC27B /* SimilarAnimals.mlmodel in Sources */ = {isa = PBXBuildFile; fileRef = D8D63C9821617EB9003BC27B /* SimilarAnimals.mlmodel */; };
		D8D63C9B21617ECE003BC27B /* Main.storyboard in Resources */ = {isa = PBXBuildFile; fileRef = D8D63C9A21617ECE003BC27B /* Main.storyboard */; };
/* End PBXBuildFile section */

/* Begin PBXFileReference section */
		11063F5E1EC0EECC0033EE6D /* Vision+ML Example.app */ = {isa = PBXFileReference; explicitFileType = wrapper.application; includeInIndex = 0; path = "Vision+ML Example.app"; sourceTree = BUILT_PRODUCTS_DIR; };
		11063F611EC0EECC0033EE6D /* AppDelegate.swift */ = {isa = PBXFileReference; lastKnownFileType = sourcecode.swift; path = AppDelegate.swift; sourceTree = "<group>"; };
		11063F631EC0EECC0033EE6D /* ImageClassificationViewController.swift */ = {isa = PBXFileReference; lastKnownFileType = sourcecode.swift; path = ImageClassificationViewController.swift; sourceTree = "<group>"; };
		11063F681EC0EECC0033EE6D /* Assets.xcassets */ = {isa = PBXFileReference; lastKnownFileType = folder.assetcatalog; path = Assets.xcassets; sourceTree = "<group>"; };
		11063F6D1EC0EECC0033EE6D /* Info.plist */ = {isa = PBXFileReference; lastKnownFileType = text.plist.xml; path = Info.plist; sourceTree = "<group>"; };
		11063F731EC0F5270033EE6D /* CGImagePropertyOrientation+UIImageOrientation.swift */ = {isa = PBXFileReference; lastKnownFileType = sourcecode.swift; path = "CGImagePropertyOrientation+UIImageOrientation.swift"; sourceTree = "<group>"; };
		113695D71EC1151400CA6C43 /* Base */ = {isa = PBXFileReference; lastKnownFileType = file.storyboard; name = Base; path = Base.lproj/LaunchScreen.storyboard; sourceTree = "<group>"; };
		665B890D21615476003D8C08 /* SoundEffects.swift */ = {isa = PBXFileReference; lastKnownFileType = sourcecode.swift; path = SoundEffects.swift; sourceTree = "<group>"; };
		667EC1E621615C5A00F0164A /* moo.mp3 */ = {isa = PBXFileReference; lastKnownFileType = audio.mp3; path = moo.mp3; sourceTree = "<group>"; };
		667EC1E721615C5A00F0164A /* baah.mp3 */ = {isa = PBXFileReference; lastKnownFileType = audio.mp3; path = baah.mp3; sourceTree = "<group>"; };
		667EC1E821615C5A00F0164A /* meow.mp3 */ = {isa = PBXFileReference; lastKnownFileType = audio.mp3; path = meow.mp3; sourceTree = "<group>"; };
		667EC1E921615C5A00F0164A /* turtleNoise.mp3 */ = {isa = PBXFileReference; lastKnownFileType = audio.mp3; path = turtleNoise.mp3; sourceTree = "<group>"; };
		667EC1EA21615C5A00F0164A /* bark.mp3 */ = {isa = PBXFileReference; lastKnownFileType = audio.mp3; path = bark.mp3; sourceTree = "<group>"; };
		A9558E70A9563BA000000001 /* SampleCode.xcconfig */ = {isa = PBXFileReference; lastKnownFileType = text.xcconfig; name = SampleCode.xcconfig; path = Configuration/SampleCode.xcconfig; sourceTree = "<group>"; };
		D8D62F8821614AE4003BC27B /* AnimalClassifier.mlmodel */ = {isa = PBXFileReference; lastKnownFileType = file.mlmodel; path = AnimalClassifier.mlmodel; sourceTree = "<group>"; };
		D8D63C3421617EAD003BC27B /* 48.jpg */ = {isa = PBXFileReference; lastKnownFileType = image.jpeg; path = 48.jpg; sourceTree = "<group>"; };
		D8D63C3521617EAD003BC27B /* 11.jpg */ = {isa = PBXFileReference; lastKnownFileType = image.jpeg; path = 11.jpg; sourceTree = "<group>"; };
		D8D63C3621617EAD003BC27B /* 20.jpg */ = {isa = PBXFileReference; lastKnownFileType = image.jpeg; path = 20.jpg; sourceTree = "<group>"; };
		D8D63C3721617EAD003BC27B /* 30.jpg */ = {isa = PBXFileReference; lastKnownFileType = image.jpeg; path = 30.jpg; sourceTree = "<group>"; };
		D8D63C3821617EAD003BC27B /* 47.jpg */ = {isa = PBXFileReference; lastKnownFileType = image.jpeg; path = 47.jpg; sourceTree = "<group>"; };
		D8D63C3921617EAD003BC27B /* 49.jpg */ = {isa = PBXFileReference; lastKnownFileType = image.jpeg; path = 49.jpg; sourceTree = "<group>"; };
		D8D63C3A21617EAD003BC27B /* 44.jpg */ = {isa = PBXFileReference; lastKnownFileType = image.jpeg; path = 44.jpg; sourceTree = "<group>"; };
		D8D63C3B21617EAD003BC27B /* 46.jpg */ = {isa = PBXFileReference; lastKnownFileType = image.jpeg; path = 46.jpg; sourceTree = "<group>"; };
		D8D63C3C21617EAD003BC27B /* 33.jpg */ = {isa = PBXFileReference; lastKnownFileType = image.jpeg; path = 33.jpg; sourceTree = "<group>"; };
		D8D63C3D21617EAD003BC27B /* 2.jpg */ = {isa = PBXFileReference; lastKnownFileType = image.jpeg; path = 2.jpg; sourceTree = "<group>"; };
		D8D63C3E21617EAD003BC27B /* 50.jpg */ = {isa = PBXFileReference; lastKnownFileType = image.jpeg; path = 50.jpg; sourceTree = "<group>"; };
		D8D63C3F21617EAD003BC27B /* 16.jpg */ = {isa = PBXFileReference; lastKnownFileType = image.jpeg; path = 16.jpg; sourceTree = "<group>"; };
		D8D63C4021617EAD003BC27B /* 12.jpg */ = {isa = PBXFileReference; lastKnownFileType = image.jpeg; path = 12.jpg; sourceTree = "<group>"; };
		D8D63C4121617EAD003BC27B /* 7.jpg */ = {isa = PBXFileReference; lastKnownFileType = image.jpeg; path = 7.jpg; sourceTree = "<group>"; };
		D8D63C4221617EAE003BC27B /* 35.jpg */ = {isa = PBXFileReference; lastKnownFileType = image.jpeg; path = 35.jpg; sourceTree = "<group>"; };
		D8D63C4321617EAE003BC27B /* 41.jpg */ = {isa = PBXFileReference; lastKnownFileType = image.jpeg; path = 41.jpg; sourceTree = "<group>"; };
		D8D63C4421617EAE003BC27B /* 19.jpg */ = {isa = PBXFileReference; lastKnownFileType = image.jpeg; path = 19.jpg; sourceTree = "<group>"; };
		D8D63C4521617EAE003BC27B /* 1.jpg */ = {isa = PBXFileReference; lastKnownFileType = image.jpeg; path = 1.jpg; sourceTree = "<group>"; };
		D8D63C4621617EAE003BC27B /* 5.jpg */ = {isa = PBXFileReference; lastKnownFileType = image.jpeg; path = 5.jpg; sourceTree = "<group>"; };
		D8D63C4721617EAE003BC27B /* 42.jpg */ = {isa = PBXFileReference; lastKnownFileType = image.jpeg; path = 42.jpg; sourceTree = "<group>"; };
		D8D63C4821617EAE003BC27B /* 34.jpg */ = {isa = PBXFileReference; lastKnownFileType = image.jpeg; path = 34.jpg; sourceTree = "<group>"; };
		D8D63C4921617EAE003BC27B /* 18.jpg */ = {isa = PBXFileReference; lastKnownFileType = image.jpeg; path = 18.jpg; sourceTree = "<group>"; };
		D8D63C4A21617EAE003BC27B /* 43.jpg */ = {isa = PBXFileReference; lastKnownFileType = image.jpeg; path = 43.jpg; sourceTree = "<group>"; };
		D8D63C4B21617EAE003BC27B /* 37.jpg */ = {isa = PBXFileReference; lastKnownFileType = image.jpeg; path = 37.jpg; sourceTree = "<group>"; };
		D8D63C4C21617EAE003BC27B /* 15.jpg */ = {isa = PBXFileReference; lastKnownFileType = image.jpeg; path = 15.jpg; sourceTree = "<group>"; };
		D8D63C4D21617EAE003BC27B /* 3.jpg */ = {isa = PBXFileReference; lastKnownFileType = image.jpeg; path = 3.jpg; sourceTree = "<group>"; };
		D8D63C4E21617EAF003BC27B /* 22.jpg */ = {isa = PBXFileReference; lastKnownFileType = image.jpeg; path = 22.jpg; sourceTree = "<group>"; };
		D8D63C4F21617EAF003BC27B /* 28.jpg */ = {isa = PBXFileReference; lastKnownFileType = image.jpeg; path = 28.jpg; sourceTree = "<group>"; };
		D8D63C5021617EAF003BC27B /* 6.jpg */ = {isa = PBXFileReference; lastKnownFileType = image.jpeg; path = 6.jpg; sourceTree = "<group>"; };
		D8D63C5121617EAF003BC27B /* 8.jpg */ = {isa = PBXFileReference; lastKnownFileType = image.jpeg; path = 8.jpg; sourceTree = "<group>"; };
		D8D63C5221617EAF003BC27B /* 27.jpg */ = {isa = PBXFileReference; lastKnownFileType = image.jpeg; path = 27.jpg; sourceTree = "<group>"; };
		D8D63C5321617EAF003BC27B /* 14.jpg */ = {isa = PBXFileReference; lastKnownFileType = image.jpeg; path = 14.jpg; sourceTree = "<group>"; };
		D8D63C5421617EAF003BC27B /* 21.jpg */ = {isa = PBXFileReference; lastKnownFileType = image.jpeg; path = 21.jpg; sourceTree = "<group>"; };
		D8D63C5521617EAF003BC27B /* 36.jpg */ = {isa = PBXFileReference; lastKnownFileType = image.jpeg; path = 36.jpg; sourceTree = "<group>"; };
		D8D63C5621617EAF003BC27B /* 38.jpg */ = {isa = PBXFileReference; lastKnownFileType = image.jpeg; path = 38.jpg; sourceTree = "<group>"; };
		D8D63C5721617EAF003BC27B /* 26.jpg */ = {isa = PBXFileReference; lastKnownFileType = image.jpeg; path = 26.jpg; sourceTree = "<group>"; };
		D8D63C5821617EAF003BC27B /* 29.jpg */ = {isa = PBXFileReference; lastKnownFileType = image.jpeg; path = 29.jpg; sourceTree = "<group>"; };
		D8D63C5921617EAF003BC27B /* 23.jpg */ = {isa = PBXFileReference; lastKnownFileType = image.jpeg; path = 23.jpg; sourceTree = "<group>"; };
		D8D63C5A21617EAF003BC27B /* 45.jpg */ = {isa = PBXFileReference; lastKnownFileType = image.jpeg; path = 45.jpg; sourceTree = "<group>"; };
		D8D63C5B21617EAF003BC27B /* 17.jpg */ = {isa = PBXFileReference; lastKnownFileType = image.jpeg; path = 17.jpg; sourceTree = "<group>"; };
		D8D63C5C21617EB0003BC27B /* 39.jpg */ = {isa = PBXFileReference; lastKnownFileType = image.jpeg; path = 39.jpg; sourceTree = "<group>"; };
		D8D63C5D21617EB0003BC27B /* 31.jpg */ = {isa = PBXFileReference; lastKnownFileType = image.jpeg; path = 31.jpg; sourceTree = "<group>"; };
		D8D63C5E21617EB0003BC27B /* 25.jpg */ = {isa = PBXFileReference; lastKnownFileType = image.jpeg; path = 25.jpg; sourceTree = "<group>"; };
		D8D63C5F21617EB0003BC27B /* 10.jpg */ = {isa = PBXFileReference; lastKnownFileType = image.jpeg; path = 10.jpg; sourceTree = "<group>"; };
		D8D63C6021617EB0003BC27B /* 4.jpg */ = {isa = PBXFileReference; lastKnownFileType = image.jpeg; path = 4.jpg; sourceTree = "<group>"; };
		D8D63C6121617EB0003BC27B /* 40.jpg */ = {isa = PBXFileReference; lastKnownFileType = image.jpeg; path = 40.jpg; sourceTree = "<group>"; };
		D8D63C6221617EB0003BC27B /* 9.jpg */ = {isa = PBXFileReference; lastKnownFileType = image.jpeg; path = 9.jpg; sourceTree = "<group>"; };
		D8D63C6321617EB0003BC27B /* 32.jpg */ = {isa = PBXFileReference; lastKnownFileType = image.jpeg; path = 32.jpg; sourceTree = "<group>"; };
		D8D63C6421617EB0003BC27B /* 13.jpg */ = {isa = PBXFileReference; lastKnownFileType = image.jpeg; path = 13.jpg; sourceTree = "<group>"; };
		D8D63C6521617EB0003BC27B /* 24.jpg */ = {isa = PBXFileReference; lastKnownFileType = image.jpeg; path = 24.jpg; sourceTree = "<group>"; };
		D8D63C9821617EB9003BC27B /* SimilarAnimals.mlmodel */ = {isa = PBXFileReference; lastKnownFileType = file.mlmodel; path = SimilarAnimals.mlmodel; sourceTree = "<group>"; };
		D8D63C9A21617ECE003BC27B /* Main.storyboard */ = {isa = PBXFileReference; fileEncoding = 4; lastKnownFileType = file.storyboard; path = Main.storyboard; sourceTree = "<group>"; };
/* End PBXFileReference section */

/* Begin PBXFrameworksBuildPhase section */
		11063F5B1EC0EECC0033EE6D /* Frameworks */ = {
			isa = PBXFrameworksBuildPhase;
			buildActionMask = 2147483647;
			files = (
			);
			runOnlyForDeploymentPostprocessing = 0;
		};
/* End PBXFrameworksBuildPhase section */

/* Begin PBXGroup section */
		11063F551EC0EECC0033EE6D = {
			isa = PBXGroup;
			children = (
				11063F601EC0EECC0033EE6D /* Vision+ML Example */,
				11063F5F1EC0EECC0033EE6D /* Products */,
				A9563AD0A9557D1000000001 /* Configuration */,
			);
			sourceTree = "<group>";
		};
		11063F5F1EC0EECC0033EE6D /* Products */ = {
			isa = PBXGroup;
			children = (
				11063F5E1EC0EECC0033EE6D /* Vision+ML Example.app */,
			);
			name = Products;
			sourceTree = "<group>";
		};
		11063F601EC0EECC0033EE6D /* Vision+ML Example */ = {
			isa = PBXGroup;
			children = (
				D8D63C4521617EAE003BC27B /* 1.jpg */,
				D8D63C3D21617EAD003BC27B /* 2.jpg */,
				D8D63C4D21617EAE003BC27B /* 3.jpg */,
				D8D63C6021617EB0003BC27B /* 4.jpg */,
				D8D63C4621617EAE003BC27B /* 5.jpg */,
				D8D63C5021617EAF003BC27B /* 6.jpg */,
				D8D63C4121617EAD003BC27B /* 7.jpg */,
				D8D63C5121617EAF003BC27B /* 8.jpg */,
				D8D63C6221617EB0003BC27B /* 9.jpg */,
				D8D63C5F21617EB0003BC27B /* 10.jpg */,
				D8D63C3521617EAD003BC27B /* 11.jpg */,
				D8D63C4021617EAD003BC27B /* 12.jpg */,
				D8D63C6421617EB0003BC27B /* 13.jpg */,
				D8D63C5321617EAF003BC27B /* 14.jpg */,
				D8D63C4C21617EAE003BC27B /* 15.jpg */,
				D8D63C3F21617EAD003BC27B /* 16.jpg */,
				D8D63C5B21617EAF003BC27B /* 17.jpg */,
				D8D63C4921617EAE003BC27B /* 18.jpg */,
				D8D63C4421617EAE003BC27B /* 19.jpg */,
				D8D63C3621617EAD003BC27B /* 20.jpg */,
				D8D63C5421617EAF003BC27B /* 21.jpg */,
				D8D63C4E21617EAF003BC27B /* 22.jpg */,
				D8D63C5921617EAF003BC27B /* 23.jpg */,
				D8D63C6521617EB0003BC27B /* 24.jpg */,
				D8D63C5E21617EB0003BC27B /* 25.jpg */,
				D8D63C5721617EAF003BC27B /* 26.jpg */,
				D8D63C5221617EAF003BC27B /* 27.jpg */,
				D8D63C4F21617EAF003BC27B /* 28.jpg */,
				D8D63C5821617EAF003BC27B /* 29.jpg */,
				D8D63C3721617EAD003BC27B /* 30.jpg */,
				D8D63C5D21617EB0003BC27B /* 31.jpg */,
				D8D63C6321617EB0003BC27B /* 32.jpg */,
				D8D63C3C21617EAD003BC27B /* 33.jpg */,
				D8D63C4821617EAE003BC27B /* 34.jpg */,
				D8D63C4221617EAE003BC27B /* 35.jpg */,
				D8D63C5521617EAF003BC27B /* 36.jpg */,
				D8D63C4B21617EAE003BC27B /* 37.jpg */,
				D8D63C5621617EAF003BC27B /* 38.jpg */,
				D8D63C5C21617EB0003BC27B /* 39.jpg */,
				D8D63C6121617EB0003BC27B /* 40.jpg */,
				D8D63C4321617EAE003BC27B /* 41.jpg */,
				D8D63C4721617EAE003BC27B /* 42.jpg */,
				D8D63C4A21617EAE003BC27B /* 43.jpg */,
				D8D63C3A21617EAD003BC27B /* 44.jpg */,
				D8D63C5A21617EAF003BC27B /* 45.jpg */,
				D8D63C3B21617EAD003BC27B /* 46.jpg */,
				D8D63C3821617EAD003BC27B /* 47.jpg */,
				D8D63C3421617EAD003BC27B /* 48.jpg */,
				D8D63C3921617EAD003BC27B /* 49.jpg */,
				D8D63C3E21617EAD003BC27B /* 50.jpg */,
				667EC1E721615C5A00F0164A /* baah.mp3 */,
				667EC1EA21615C5A00F0164A /* bark.mp3 */,
				667EC1E821615C5A00F0164A /* meow.mp3 */,
				667EC1E621615C5A00F0164A /* moo.mp3 */,
				667EC1E921615C5A00F0164A /* turtleNoise.mp3 */,
				D8D63C9821617EB9003BC27B /* SimilarAnimals.mlmodel */,
				D8D62F8821614AE4003BC27B /* AnimalClassifier.mlmodel */,
				11063F611EC0EECC0033EE6D /* AppDelegate.swift */,
				11063F631EC0EECC0033EE6D /* ImageClassificationViewController.swift */,
				665B890D21615476003D8C08 /* SoundEffects.swift */,
				11063F731EC0F5270033EE6D /* CGImagePropertyOrientation+UIImageOrientation.swift */,
				D8D63C9A21617ECE003BC27B /* Main.storyboard */,
				C82A1C951F1809F5005996F6 /* Supporting Files */,
			);
			path = "Vision+ML Example";
			sourceTree = "<group>";
		};
		A9563AD0A9557D1000000001 /* Configuration */ = {
			isa = PBXGroup;
			children = (
				A9558E70A9563BA000000001 /* SampleCode.xcconfig */,
			);
			name = Configuration;
			sourceTree = "<group>";
		};
		C82A1C951F1809F5005996F6 /* Supporting Files */ = {
			isa = PBXGroup;
			children = (
				11063F681EC0EECC0033EE6D /* Assets.xcassets */,
				11063F6D1EC0EECC0033EE6D /* Info.plist */,
				113695D61EC1151400CA6C43 /* LaunchScreen.storyboard */,
			);
			path = "Supporting Files";
			sourceTree = "<group>";
		};
/* End PBXGroup section */

/* Begin PBXNativeTarget section */
		11063F5D1EC0EECC0033EE6D /* Vision+ML Example */ = {
			isa = PBXNativeTarget;
			buildConfigurationList = 11063F701EC0EECC0033EE6D /* Build configuration list for PBXNativeTarget "Vision+ML Example" */;
			buildPhases = (
				11063F5A1EC0EECC0033EE6D /* Sources */,
				11063F5B1EC0EECC0033EE6D /* Frameworks */,
				11063F5C1EC0EECC0033EE6D /* Resources */,
			);
			buildRules = (
			);
			dependencies = (
			);
			name = "Vision+ML Example";
			productName = "Vision+ML Example";
			productReference = 11063F5E1EC0EECC0033EE6D /* Vision+ML Example.app */;
			productType = "com.apple.product-type.application";
		};
/* End PBXNativeTarget section */

/* Begin PBXProject section */
		11063F561EC0EECC0033EE6D /* Project object */ = {
			isa = PBXProject;
			attributes = {
				LastSwiftUpdateCheck = 0900;
				LastUpgradeCheck = 1000;
				ORGANIZATIONNAME = Apple;
				TargetAttributes = {
					11063F5D1EC0EECC0033EE6D = {
						CreatedOnToolsVersion = 9.0;
						LastSwiftMigration = 1000;
					};
				};
			};
			buildConfigurationList = 11063F591EC0EECC0033EE6D /* Build configuration list for PBXProject "Vision+ML Example" */;
			compatibilityVersion = "Xcode 8.0";
			developmentRegion = en;
			hasScannedForEncodings = 0;
			knownRegions = (
				en,
				Base,
			);
			mainGroup = 11063F551EC0EECC0033EE6D;
			productRefGroup = 11063F5F1EC0EECC0033EE6D /* Products */;
			projectDirPath = "";
			projectRoot = "";
			targets = (
				11063F5D1EC0EECC0033EE6D /* Vision+ML Example */,
			);
		};
/* End PBXProject section */

/* Begin PBXResourcesBuildPhase section */
		11063F5C1EC0EECC0033EE6D /* Resources */ = {
			isa = PBXResourcesBuildPhase;
			buildActionMask = 2147483647;
			files = (
				D8D63C9021617EB0003BC27B /* 25.jpg in Resources */,
				D8D63C8321617EB0003BC27B /* 8.jpg in Resources */,
				D8D63C7121617EB0003BC27B /* 16.jpg in Resources */,
				D8D63C7721617EB0003BC27B /* 1.jpg in Resources */,
				D8D63C6E21617EB0003BC27B /* 33.jpg in Resources */,
				D8D63C7821617EB0003BC27B /* 5.jpg in Resources */,
				D8D63C8C21617EB0003BC27B /* 45.jpg in Resources */,
				D8D63C7221617EB0003BC27B /* 12.jpg in Resources */,
				D8D63C6C21617EB0003BC27B /* 44.jpg in Resources */,
				D8D63C6A21617EB0003BC27B /* 47.jpg in Resources */,
				D8D63C6921617EB0003BC27B /* 30.jpg in Resources */,
				667EC1EB21615C5A00F0164A /* moo.mp3 in Resources */,
				D8D63C8521617EB0003BC27B /* 14.jpg in Resources */,
				D8D63C7A21617EB0003BC27B /* 34.jpg in Resources */,
				D8D63C8B21617EB0003BC27B /* 23.jpg in Resources */,
				D8D63C8E21617EB0003BC27B /* 39.jpg in Resources */,
				667EC1EE21615C5A00F0164A /* turtleNoise.mp3 in Resources */,
				D8D63C8621617EB0003BC27B /* 21.jpg in Resources */,
				D8D63C6821617EB0003BC27B /* 20.jpg in Resources */,
				D8D63C8421617EB0003BC27B /* 27.jpg in Resources */,
				D8D63C7421617EB0003BC27B /* 35.jpg in Resources */,
				D8D63C8921617EB0003BC27B /* 26.jpg in Resources */,
				D8D63C8221617EB0003BC27B /* 6.jpg in Resources */,
				D8D63C7621617EB0003BC27B /* 19.jpg in Resources */,
				667EC1EC21615C5A00F0164A /* baah.mp3 in Resources */,
				D8D63C9321617EB0003BC27B /* 40.jpg in Resources */,
				D8D63C8021617EB0003BC27B /* 22.jpg in Resources */,
				D8D63C9121617EB0003BC27B /* 10.jpg in Resources */,
				D8D63C8F21617EB0003BC27B /* 31.jpg in Resources */,
				D8D63C6B21617EB0003BC27B /* 49.jpg in Resources */,
				D8D63C7321617EB0003BC27B /* 7.jpg in Resources */,
				667EC1ED21615C5A00F0164A /* meow.mp3 in Resources */,
				113695D81EC1151400CA6C43 /* LaunchScreen.storyboard in Resources */,
				D8D63C9421617EB0003BC27B /* 9.jpg in Resources */,
				D8D63C6721617EB0003BC27B /* 11.jpg in Resources */,
				D8D63C8821617EB0003BC27B /* 38.jpg in Resources */,
				D8D63C7B21617EB0003BC27B /* 18.jpg in Resources */,
				D8D63C7C21617EB0003BC27B /* 43.jpg in Resources */,
				D8D63C6F21617EB0003BC27B /* 2.jpg in Resources */,
				D8D63C7F21617EB0003BC27B /* 3.jpg in Resources */,
				D8D63C8721617EB0003BC27B /* 36.jpg in Resources */,
				11063F691EC0EECC0033EE6D /* Assets.xcassets in Resources */,
				D8D63C9521617EB0003BC27B /* 32.jpg in Resources */,
				D8D63C9721617EB0003BC27B /* 24.jpg in Resources */,
				D8D63C9621617EB0003BC27B /* 13.jpg in Resources */,
				D8D63C7521617EB0003BC27B /* 41.jpg in Resources */,
				D8D63C8A21617EB0003BC27B /* 29.jpg in Resources */,
				D8D63C8121617EB0003BC27B /* 28.jpg in Resources */,
				D8D63C7021617EB0003BC27B /* 50.jpg in Resources */,
				667EC1EF21615C5A00F0164A /* bark.mp3 in Resources */,
				D8D63C6621617EB0003BC27B /* 48.jpg in Resources */,
				D8D63C6D21617EB0003BC27B /* 46.jpg in Resources */,
				D8D63C9B21617ECE003BC27B /* Main.storyboard in Resources */,
				D8D63C9221617EB0003BC27B /* 4.jpg in Resources */,
				D8D63C7921617EB0003BC27B /* 42.jpg in Resources */,
				D8D63C8D21617EB0003BC27B /* 17.jpg in Resources */,
				D8D63C7D21617EB0003BC27B /* 37.jpg in Resources */,
				D8D63C7E21617EB0003BC27B /* 15.jpg in Resources */,
			);
			runOnlyForDeploymentPostprocessing = 0;
		};
/* End PBXResourcesBuildPhase section */

/* Begin PBXSourcesBuildPhase section */
		11063F5A1EC0EECC0033EE6D /* Sources */ = {
			isa = PBXSourcesBuildPhase;
			buildActionMask = 2147483647;
			files = (
				D8D63C9921617EB9003BC27B /* SimilarAnimals.mlmodel in Sources */,
				11063F741EC0F5270033EE6D /* CGImagePropertyOrientation+UIImageOrientation.swift in Sources */,
				11063F641EC0EECC0033EE6D /* ImageClassificationViewController.swift in Sources */,
				11063F621EC0EECC0033EE6D /* AppDelegate.swift in Sources */,
				665B890E21615476003D8C08 /* SoundEffects.swift in Sources */,
				D8D62F8921614AE4003BC27B /* AnimalClassifier.mlmodel in Sources */,
			);
			runOnlyForDeploymentPostprocessing = 0;
		};
/* End PBXSourcesBuildPhase section */

/* Begin PBXVariantGroup section */
		113695D61EC1151400CA6C43 /* LaunchScreen.storyboard */ = {
			isa = PBXVariantGroup;
			children = (
				113695D71EC1151400CA6C43 /* Base */,
			);
			name = LaunchScreen.storyboard;
			path = ..;
			sourceTree = "<group>";
		};
/* End PBXVariantGroup section */

/* Begin XCBuildConfiguration section */
		11063F6E1EC0EECC0033EE6D /* Debug */ = {
			isa = XCBuildConfiguration;
			baseConfigurationReference = A9558E70A9563BA000000001 /* SampleCode.xcconfig */;
			buildSettings = {
				ALWAYS_SEARCH_USER_PATHS = NO;
				CLANG_ANALYZER_NONNULL = YES;
				CLANG_ANALYZER_NUMBER_OBJECT_CONVERSION = YES_AGGRESSIVE;
				CLANG_CXX_LANGUAGE_STANDARD = "gnu++14";
				CLANG_CXX_LIBRARY = "libc++";
				CLANG_ENABLE_MODULES = YES;
				CLANG_ENABLE_OBJC_ARC = YES;
				CLANG_WARN_BLOCK_CAPTURE_AUTORELEASING = YES;
				CLANG_WARN_BOOL_CONVERSION = YES;
				CLANG_WARN_COMMA = YES;
				CLANG_WARN_CONSTANT_CONVERSION = YES;
				CLANG_WARN_DEPRECATED_OBJC_IMPLEMENTATIONS = YES;
				CLANG_WARN_DIRECT_OBJC_ISA_USAGE = YES_ERROR;
				CLANG_WARN_DOCUMENTATION_COMMENTS = YES;
				CLANG_WARN_EMPTY_BODY = YES;
				CLANG_WARN_ENUM_CONVERSION = YES;
				CLANG_WARN_INFINITE_RECURSION = YES;
				CLANG_WARN_INT_CONVERSION = YES;
				CLANG_WARN_NON_LITERAL_NULL_CONVERSION = YES;
				CLANG_WARN_OBJC_IMPLICIT_RETAIN_SELF = YES;
				CLANG_WARN_OBJC_LITERAL_CONVERSION = YES;
				CLANG_WARN_OBJC_ROOT_CLASS = YES_ERROR;
				CLANG_WARN_RANGE_LOOP_ANALYSIS = YES;
				CLANG_WARN_STRICT_PROTOTYPES = YES;
				CLANG_WARN_SUSPICIOUS_MOVE = YES;
				CLANG_WARN_UNGUARDED_AVAILABILITY = YES;
				CLANG_WARN_UNREACHABLE_CODE = YES;
				CLANG_WARN__DUPLICATE_METHOD_MATCH = YES;
				CODE_SIGN_IDENTITY = "iPhone Developer";
				COPY_PHASE_STRIP = NO;
				DEBUG_INFORMATION_FORMAT = dwarf;
				ENABLE_STRICT_OBJC_MSGSEND = YES;
				ENABLE_TESTABILITY = YES;
				GCC_C_LANGUAGE_STANDARD = gnu11;
				GCC_DYNAMIC_NO_PIC = NO;
				GCC_NO_COMMON_BLOCKS = YES;
				GCC_OPTIMIZATION_LEVEL = 0;
				GCC_PREPROCESSOR_DEFINITIONS = (
					"DEBUG=1",
					"$(inherited)",
				);
				GCC_WARN_64_TO_32_BIT_CONVERSION = YES;
				GCC_WARN_ABOUT_RETURN_TYPE = YES_ERROR;
				GCC_WARN_UNDECLARED_SELECTOR = YES;
				GCC_WARN_UNINITIALIZED_AUTOS = YES_AGGRESSIVE;
				GCC_WARN_UNUSED_FUNCTION = YES;
				GCC_WARN_UNUSED_VARIABLE = YES;
				IPHONEOS_DEPLOYMENT_TARGET = 11.0;
				MTL_ENABLE_DEBUG_INFO = YES;
				ONLY_ACTIVE_ARCH = YES;
				SDKROOT = iphoneos;
				SWIFT_ACTIVE_COMPILATION_CONDITIONS = DEBUG;
				SWIFT_OPTIMIZATION_LEVEL = "-Onone";
				SWIFT_VERSION = 3.0;
			};
			name = Debug;
		};
		11063F6F1EC0EECC0033EE6D /* Release */ = {
			isa = XCBuildConfiguration;
			baseConfigurationReference = A9558E70A9563BA000000001 /* SampleCode.xcconfig */;
			buildSettings = {
				ALWAYS_SEARCH_USER_PATHS = NO;
				CLANG_ANALYZER_NONNULL = YES;
				CLANG_ANALYZER_NUMBER_OBJECT_CONVERSION = YES_AGGRESSIVE;
				CLANG_CXX_LANGUAGE_STANDARD = "gnu++14";
				CLANG_CXX_LIBRARY = "libc++";
				CLANG_ENABLE_MODULES = YES;
				CLANG_ENABLE_OBJC_ARC = YES;
				CLANG_WARN_BLOCK_CAPTURE_AUTORELEASING = YES;
				CLANG_WARN_BOOL_CONVERSION = YES;
				CLANG_WARN_COMMA = YES;
				CLANG_WARN_CONSTANT_CONVERSION = YES;
				CLANG_WARN_DEPRECATED_OBJC_IMPLEMENTATIONS = YES;
				CLANG_WARN_DIRECT_OBJC_ISA_USAGE = YES_ERROR;
				CLANG_WARN_DOCUMENTATION_COMMENTS = YES;
				CLANG_WARN_EMPTY_BODY = YES;
				CLANG_WARN_ENUM_CONVERSION = YES;
				CLANG_WARN_INFINITE_RECURSION = YES;
				CLANG_WARN_INT_CONVERSION = YES;
				CLANG_WARN_NON_LITERAL_NULL_CONVERSION = YES;
				CLANG_WARN_OBJC_IMPLICIT_RETAIN_SELF = YES;
				CLANG_WARN_OBJC_LITERAL_CONVERSION = YES;
				CLANG_WARN_OBJC_ROOT_CLASS = YES_ERROR;
				CLANG_WARN_RANGE_LOOP_ANALYSIS = YES;
				CLANG_WARN_STRICT_PROTOTYPES = YES;
				CLANG_WARN_SUSPICIOUS_MOVE = YES;
				CLANG_WARN_UNGUARDED_AVAILABILITY = YES;
				CLANG_WARN_UNREACHABLE_CODE = YES;
				CLANG_WARN__DUPLICATE_METHOD_MATCH = YES;
				CODE_SIGN_IDENTITY = "iPhone Developer";
				COPY_PHASE_STRIP = NO;
				DEBUG_INFORMATION_FORMAT = "dwarf-with-dsym";
				ENABLE_NS_ASSERTIONS = NO;
				ENABLE_STRICT_OBJC_MSGSEND = YES;
				GCC_C_LANGUAGE_STANDARD = gnu11;
				GCC_NO_COMMON_BLOCKS = YES;
				GCC_WARN_64_TO_32_BIT_CONVERSION = YES;
				GCC_WARN_ABOUT_RETURN_TYPE = YES_ERROR;
				GCC_WARN_UNDECLARED_SELECTOR = YES;
				GCC_WARN_UNINITIALIZED_AUTOS = YES_AGGRESSIVE;
				GCC_WARN_UNUSED_FUNCTION = YES;
				GCC_WARN_UNUSED_VARIABLE = YES;
				IPHONEOS_DEPLOYMENT_TARGET = 11.0;
				MTL_ENABLE_DEBUG_INFO = NO;
				SDKROOT = iphoneos;
				SWIFT_OPTIMIZATION_LEVEL = "-Owholemodule";
				SWIFT_VERSION = 3.0;
				VALIDATE_PRODUCT = YES;
			};
			name = Release;
		};
		11063F711EC0EECC0033EE6D /* Debug */ = {
			isa = XCBuildConfiguration;
			baseConfigurationReference = A9558E70A9563BA000000001 /* SampleCode.xcconfig */;
			buildSettings = {
				ASSETCATALOG_COMPILER_APPICON_NAME = AppIcon;
				COREML_CODEGEN_LANGUAGE = Swift;
				DEVELOPMENT_TEAM = XG92J4K74F;
				INFOPLIST_FILE = "Vision+ML Example/Supporting Files/Info.plist";
				LD_RUNPATH_SEARCH_PATHS = "$(inherited) @executable_path/Frameworks";
				PRODUCT_BUNDLE_IDENTIFIER = "com.example.apple-samplecode.Vision-ML-Example${SAMPLE_CODE_DISAMBIGUATOR}";
				PRODUCT_NAME = "$(TARGET_NAME)";
				PROVISIONING_PROFILE_SPECIFIER = "";
				SWIFT_VERSION = 4.2;
				TARGETED_DEVICE_FAMILY = "1,2";
			};
			name = Debug;
		};
		11063F721EC0EECC0033EE6D /* Release */ = {
			isa = XCBuildConfiguration;
			baseConfigurationReference = A9558E70A9563BA000000001 /* SampleCode.xcconfig */;
			buildSettings = {
				ASSETCATALOG_COMPILER_APPICON_NAME = AppIcon;
				COREML_CODEGEN_LANGUAGE = Swift;
				DEVELOPMENT_TEAM = XG92J4K74F;
				INFOPLIST_FILE = "Vision+ML Example/Supporting Files/Info.plist";
				LD_RUNPATH_SEARCH_PATHS = "$(inherited) @executable_path/Frameworks";
				PRODUCT_BUNDLE_IDENTIFIER = "com.example.apple-samplecode.Vision-ML-Example${SAMPLE_CODE_DISAMBIGUATOR}";
				PRODUCT_NAME = "$(TARGET_NAME)";
				PROVISIONING_PROFILE_SPECIFIER = "";
				SWIFT_VERSION = 4.2;
				TARGETED_DEVICE_FAMILY = "1,2";
			};
			name = Release;
		};
/* End XCBuildConfiguration section */

/* Begin XCConfigurationList section */
		11063F591EC0EECC0033EE6D /* Build configuration list for PBXProject "Vision+ML Example" */ = {
			isa = XCConfigurationList;
			buildConfigurations = (
				11063F6E1EC0EECC0033EE6D /* Debug */,
				11063F6F1EC0EECC0033EE6D /* Release */,
			);
			defaultConfigurationIsVisible = 0;
			defaultConfigurationName = Release;
		};
		11063F701EC0EECC0033EE6D /* Build configuration list for PBXNativeTarget "Vision+ML Example" */ = {
			isa = XCConfigurationList;
			buildConfigurations = (
				11063F711EC0EECC0033EE6D /* Debug */,
				11063F721EC0EECC0033EE6D /* Release */,
			);
			defaultConfigurationIsVisible = 0;
			defaultConfigurationName = Release;
		};
/* End XCConfigurationList section */
	};
	rootObject = 11063F561EC0EECC0033EE6D /* Project object */;
}
